// !$*UTF8*$!
{
	archiveVersion = 1;
	classes = {
	};
	objectVersion = 52;
	objects = {

/* Begin PBXBuildFile section */
		281419B7D820331D6FD4CA71 /* Pods_KinoTests.framework in Frameworks */ = {isa = PBXBuildFile; fileRef = 3AF53134D766DD6D5417BF61 /* Pods_KinoTests.framework */; };
		489B46C063E3E0932E68B4D0 /* Pods_Kino.framework in Frameworks */ = {isa = PBXBuildFile; fileRef = 9578DC45C2A0D08D0864F90D /* Pods_Kino.framework */; };
		49099EC5245C209900D7DCD5 /* AppDelegate.swift in Sources */ = {isa = PBXBuildFile; fileRef = 49099EC4245C209900D7DCD5 /* AppDelegate.swift */; };
		49099ECC245C209900D7DCD5 /* Main.storyboard in Resources */ = {isa = PBXBuildFile; fileRef = 49099ECA245C209900D7DCD5 /* Main.storyboard */; };
		49099ECF245C209900D7DCD5 /* Kino.xcdatamodeld in Sources */ = {isa = PBXBuildFile; fileRef = 49099ECD245C209900D7DCD5 /* Kino.xcdatamodeld */; };
		49099ED1245C209C00D7DCD5 /* Assets.xcassets in Resources */ = {isa = PBXBuildFile; fileRef = 49099ED0245C209C00D7DCD5 /* Assets.xcassets */; };
		49099ED4245C209C00D7DCD5 /* LaunchScreen.storyboard in Resources */ = {isa = PBXBuildFile; fileRef = 49099ED2245C209C00D7DCD5 /* LaunchScreen.storyboard */; };
		49099EDF245C209C00D7DCD5 /* KinoTests.swift in Sources */ = {isa = PBXBuildFile; fileRef = 49099EDE245C209C00D7DCD5 /* KinoTests.swift */; };
		49099EEE245C4F0300D7DCD5 /* KinoTabbarViewController.swift in Sources */ = {isa = PBXBuildFile; fileRef = 49099EED245C4F0300D7DCD5 /* KinoTabbarViewController.swift */; };
		49099EF5245C4F9400D7DCD5 /* HomeScenePresenter.swift in Sources */ = {isa = PBXBuildFile; fileRef = 49099EF1245C4F9400D7DCD5 /* HomeScenePresenter.swift */; };
		49099EF6245C4F9400D7DCD5 /* HomeSceneViewController.swift in Sources */ = {isa = PBXBuildFile; fileRef = 49099EF2245C4F9400D7DCD5 /* HomeSceneViewController.swift */; };
		49099EF7245C4F9400D7DCD5 /* HomeSceneInteractor.swift in Sources */ = {isa = PBXBuildFile; fileRef = 49099EF3245C4F9400D7DCD5 /* HomeSceneInteractor.swift */; };
		49099EF8245C4F9400D7DCD5 /* HomeSceneViewModel.swift in Sources */ = {isa = PBXBuildFile; fileRef = 49099EF4245C4F9400D7DCD5 /* HomeSceneViewModel.swift */; };
		49099EFD245C4FA800D7DCD5 /* WatchListScenePresenter.swift in Sources */ = {isa = PBXBuildFile; fileRef = 49099EF9245C4FA800D7DCD5 /* WatchListScenePresenter.swift */; };
		49099EFE245C4FA800D7DCD5 /* WatchListSceneViewController.swift in Sources */ = {isa = PBXBuildFile; fileRef = 49099EFA245C4FA800D7DCD5 /* WatchListSceneViewController.swift */; };
		49099EFF245C4FA800D7DCD5 /* WatchListSceneInteractor.swift in Sources */ = {isa = PBXBuildFile; fileRef = 49099EFB245C4FA800D7DCD5 /* WatchListSceneInteractor.swift */; };
		49099F00245C4FA800D7DCD5 /* WatchListSceneViewModel.swift in Sources */ = {isa = PBXBuildFile; fileRef = 49099EFC245C4FA800D7DCD5 /* WatchListSceneViewModel.swift */; };
		49099F07245C51CF00D7DCD5 /* HomeSceneInteractorTests.swift in Sources */ = {isa = PBXBuildFile; fileRef = 49099F03245C51CF00D7DCD5 /* HomeSceneInteractorTests.swift */; };
		49099F08245C51CF00D7DCD5 /* HomeSceneViewControllerSpy.swift in Sources */ = {isa = PBXBuildFile; fileRef = 49099F04245C51CF00D7DCD5 /* HomeSceneViewControllerSpy.swift */; };
		49099F09245C51CF00D7DCD5 /* HomeScenePresenterSpy.swift in Sources */ = {isa = PBXBuildFile; fileRef = 49099F05245C51CF00D7DCD5 /* HomeScenePresenterSpy.swift */; };
		49099F0A245C51CF00D7DCD5 /* HomeScenePresenterTests.swift in Sources */ = {isa = PBXBuildFile; fileRef = 49099F06245C51CF00D7DCD5 /* HomeScenePresenterTests.swift */; };
		49099F10245C520D00D7DCD5 /* WatchListSceneInteractorTests.swift in Sources */ = {isa = PBXBuildFile; fileRef = 49099F0C245C520D00D7DCD5 /* WatchListSceneInteractorTests.swift */; };
		49099F11245C520D00D7DCD5 /* WatchListSceneViewControllerSpy.swift in Sources */ = {isa = PBXBuildFile; fileRef = 49099F0D245C520D00D7DCD5 /* WatchListSceneViewControllerSpy.swift */; };
		49099F12245C520D00D7DCD5 /* WatchListScenePresenterSpy.swift in Sources */ = {isa = PBXBuildFile; fileRef = 49099F0E245C520D00D7DCD5 /* WatchListScenePresenterSpy.swift */; };
		49099F13245C520D00D7DCD5 /* WatchListScenePresenterTests.swift in Sources */ = {isa = PBXBuildFile; fileRef = 49099F0F245C520D00D7DCD5 /* WatchListScenePresenterTests.swift */; };
		49099F16245C556F00D7DCD5 /* KinoAPI.swift in Sources */ = {isa = PBXBuildFile; fileRef = 49099F15245C556F00D7DCD5 /* KinoAPI.swift */; };
		49099F18245C55AB00D7DCD5 /* Manager.swift in Sources */ = {isa = PBXBuildFile; fileRef = 49099F17245C55AB00D7DCD5 /* Manager.swift */; };
		49099F1C245C58B500D7DCD5 /* URLSessionExtension.swift in Sources */ = {isa = PBXBuildFile; fileRef = 49099F1B245C58B500D7DCD5 /* URLSessionExtension.swift */; };
		49099F21245C63C600D7DCD5 /* MoviesInfo.swift in Sources */ = {isa = PBXBuildFile; fileRef = 49099F20245C63C600D7DCD5 /* MoviesInfo.swift */; };
		49099F26245C81F500D7DCD5 /* MovieCell.swift in Sources */ = {isa = PBXBuildFile; fileRef = 49099F25245C81F500D7DCD5 /* MovieCell.swift */; };
		490C54CE247AED4C004A5826 /* MovieDetailsSceneViewController.swift in Sources */ = {isa = PBXBuildFile; fileRef = 49829F5F246810900055521F /* MovieDetailsSceneViewController.swift */; };
		490C54CF247AED9E004A5826 /* MovieDetailsSceneViewModel.swift in Sources */ = {isa = PBXBuildFile; fileRef = 49829F61246810900055521F /* MovieDetailsSceneViewModel.swift */; };
		490C54D1247AEDA5004A5826 /* MovieDetailsScenePresenter.swift in Sources */ = {isa = PBXBuildFile; fileRef = 49829F5E246810900055521F /* MovieDetailsScenePresenter.swift */; };
		490C54D2247AEDAD004A5826 /* MovieDetailImageCell.swift in Sources */ = {isa = PBXBuildFile; fileRef = 494C69D424708A020016F06C /* MovieDetailImageCell.swift */; };
		490C54D3247AEDB3004A5826 /* MovieDetailBasicInfoCell.swift in Sources */ = {isa = PBXBuildFile; fileRef = 494C69D624708A950016F06C /* MovieDetailBasicInfoCell.swift */; };
		490C54D4247AEDB6004A5826 /* MovieDetailOverviewCell.swift in Sources */ = {isa = PBXBuildFile; fileRef = 494C69D824708AEC0016F06C /* MovieDetailOverviewCell.swift */; };
		490C54D5247AEDD3004A5826 /* UICollectionViewExtensions.swift in Sources */ = {isa = PBXBuildFile; fileRef = 49B541EE245DBB170038F616 /* UICollectionViewExtensions.swift */; };
		490C54D6247AEDDA004A5826 /* CustomImageView.swift in Sources */ = {isa = PBXBuildFile; fileRef = 49647882245CD32F0013C0B6 /* CustomImageView.swift */; };
		490C54D8247AEF0C004A5826 /* Lottie in Frameworks */ = {isa = PBXBuildFile; productRef = 490C54D7247AEF0C004A5826 /* Lottie */; };
		494C69D524708A020016F06C /* MovieDetailImageCell.swift in Sources */ = {isa = PBXBuildFile; fileRef = 494C69D424708A020016F06C /* MovieDetailImageCell.swift */; };
		494C69D724708A950016F06C /* MovieDetailBasicInfoCell.swift in Sources */ = {isa = PBXBuildFile; fileRef = 494C69D624708A950016F06C /* MovieDetailBasicInfoCell.swift */; };
		494C69D924708AEC0016F06C /* MovieDetailOverviewCell.swift in Sources */ = {isa = PBXBuildFile; fileRef = 494C69D824708AEC0016F06C /* MovieDetailOverviewCell.swift */; };
		49647883245CD32F0013C0B6 /* CustomImageView.swift in Sources */ = {isa = PBXBuildFile; fileRef = 49647882245CD32F0013C0B6 /* CustomImageView.swift */; };
		49647885245CD39C0013C0B6 /* skeleton-loading.json in Resources */ = {isa = PBXBuildFile; fileRef = 49647884245CD39C0013C0B6 /* skeleton-loading.json */; };
		4978E920245F116000CEDA46 /* KinoInteractorLoadingQueue.swift in Sources */ = {isa = PBXBuildFile; fileRef = 4978E91F245F116000CEDA46 /* KinoInteractorLoadingQueue.swift */; };
		497CF41724713113009279D7 /* MovieDetailImageCell.xib in Resources */ = {isa = PBXBuildFile; fileRef = 497CF41624713113009279D7 /* MovieDetailImageCell.xib */; };
		497CF41924713152009279D7 /* MovieDetailBasicInfoCell.xib in Resources */ = {isa = PBXBuildFile; fileRef = 497CF41824713152009279D7 /* MovieDetailBasicInfoCell.xib */; };
		497CF41B24713187009279D7 /* MovieDetailOverviewCell.xib in Resources */ = {isa = PBXBuildFile; fileRef = 497CF41A24713187009279D7 /* MovieDetailOverviewCell.xib */; };
		4980A2CB248CF32C00A8B004 /* FavoriteMovieCell.swift in Sources */ = {isa = PBXBuildFile; fileRef = 4980A2CA248CF32C00A8B004 /* FavoriteMovieCell.swift */; };
		4980A2CD248CF40A00A8B004 /* FavoriteMovieCell.xib in Resources */ = {isa = PBXBuildFile; fileRef = 4980A2CC248CF40A00A8B004 /* FavoriteMovieCell.xib */; };
		49829F5B2467FF7C0055521F /* Home.storyboard in Resources */ = {isa = PBXBuildFile; fileRef = 49829F5A2467FF7C0055521F /* Home.storyboard */; };
		49829F62246810900055521F /* MovieDetailsScenePresenter.swift in Sources */ = {isa = PBXBuildFile; fileRef = 49829F5E246810900055521F /* MovieDetailsScenePresenter.swift */; };
		49829F63246810900055521F /* MovieDetailsSceneViewController.swift in Sources */ = {isa = PBXBuildFile; fileRef = 49829F5F246810900055521F /* MovieDetailsSceneViewController.swift */; };
		49829F64246810900055521F /* MovieDetailsSceneInteractor.swift in Sources */ = {isa = PBXBuildFile; fileRef = 49829F60246810900055521F /* MovieDetailsSceneInteractor.swift */; };
		49829F65246810900055521F /* MovieDetailsSceneViewModel.swift in Sources */ = {isa = PBXBuildFile; fileRef = 49829F61246810900055521F /* MovieDetailsSceneViewModel.swift */; };
		49829F6B246810B80055521F /* CategoryDetailsScenePresenter.swift in Sources */ = {isa = PBXBuildFile; fileRef = 49829F67246810B80055521F /* CategoryDetailsScenePresenter.swift */; };
		49829F6C246810B80055521F /* CategoryDetailsSceneViewController.swift in Sources */ = {isa = PBXBuildFile; fileRef = 49829F68246810B80055521F /* CategoryDetailsSceneViewController.swift */; };
		49829F6D246810B80055521F /* CategoryDetailsSceneInteractor.swift in Sources */ = {isa = PBXBuildFile; fileRef = 49829F69246810B80055521F /* CategoryDetailsSceneInteractor.swift */; };
		49829F6E246810B80055521F /* CategoryDetailsSceneViewModel.swift in Sources */ = {isa = PBXBuildFile; fileRef = 49829F6A246810B80055521F /* CategoryDetailsSceneViewModel.swift */; };
		498C5CDF2465AE3200E2AF1D /* MoviesCategory.swift in Sources */ = {isa = PBXBuildFile; fileRef = 498C5CDE2465AE3200E2AF1D /* MoviesCategory.swift */; };
		498C5CE12465BCCB00E2AF1D /* CategoryCell.swift in Sources */ = {isa = PBXBuildFile; fileRef = 498C5CE02465BCCB00E2AF1D /* CategoryCell.swift */; };
		498C5CE32465BD3F00E2AF1D /* CategoryCell.xib in Resources */ = {isa = PBXBuildFile; fileRef = 498C5CE22465BD3F00E2AF1D /* CategoryCell.xib */; };
		4999CA3D24685F1700D92088 /* MovieCategoryCell.swift in Sources */ = {isa = PBXBuildFile; fileRef = 4999CA3C24685F1700D92088 /* MovieCategoryCell.swift */; };
		4999CA3F24685F6900D92088 /* UITableViewExtensions.swift in Sources */ = {isa = PBXBuildFile; fileRef = 4999CA3E24685F6900D92088 /* UITableViewExtensions.swift */; };
		4999CA4124685FD200D92088 /* MovieCategoryCell.xib in Resources */ = {isa = PBXBuildFile; fileRef = 4999CA4024685FD200D92088 /* MovieCategoryCell.xib */; };
		49A03EAA2479867C00EA2623 /* CodableExtensions.swift in Sources */ = {isa = PBXBuildFile; fileRef = 49DDB989246761820006DB4D /* CodableExtensions.swift */; };
		49A03EAB2479868A00EA2623 /* StringExtensions.swift in Sources */ = {isa = PBXBuildFile; fileRef = 49DDB98B2467619F0006DB4D /* StringExtensions.swift */; };
		49A03EAE2479870300EA2623 /* MoviesInfo.swift in Sources */ = {isa = PBXBuildFile; fileRef = 49099F20245C63C600D7DCD5 /* MoviesInfo.swift */; };
		49A03EB72479D25200EA2623 /* TodayScenePresenter.swift in Sources */ = {isa = PBXBuildFile; fileRef = 49A03EB32479D25200EA2623 /* TodayScenePresenter.swift */; };
		49A03EB82479D25200EA2623 /* TodaySceneViewController.swift in Sources */ = {isa = PBXBuildFile; fileRef = 49A03EB42479D25200EA2623 /* TodaySceneViewController.swift */; };
		49A03EB92479D25200EA2623 /* TodaySceneInteractor.swift in Sources */ = {isa = PBXBuildFile; fileRef = 49A03EB52479D25200EA2623 /* TodaySceneInteractor.swift */; };
		49A03EBA2479D25200EA2623 /* TodaySceneViewModel.swift in Sources */ = {isa = PBXBuildFile; fileRef = 49A03EB62479D25200EA2623 /* TodaySceneViewModel.swift */; };
		49A03EBB2479D2F300EA2623 /* KinoAPI.swift in Sources */ = {isa = PBXBuildFile; fileRef = 49099F15245C556F00D7DCD5 /* KinoAPI.swift */; };
		49A03EBC2479D33500EA2623 /* URLSessionExtension.swift in Sources */ = {isa = PBXBuildFile; fileRef = 49099F1B245C58B500D7DCD5 /* URLSessionExtension.swift */; };
		49A03EBD2479D34200EA2623 /* MoviesCategory.swift in Sources */ = {isa = PBXBuildFile; fileRef = 498C5CDE2465AE3200E2AF1D /* MoviesCategory.swift */; };
		49A03EBE2479D6A700EA2623 /* MovieExtension.swift in Sources */ = {isa = PBXBuildFile; fileRef = 49B541EC245DB0880038F616 /* MovieExtension.swift */; };
		49B541ED245DB0880038F616 /* MovieExtension.swift in Sources */ = {isa = PBXBuildFile; fileRef = 49B541EC245DB0880038F616 /* MovieExtension.swift */; };
		49B541EF245DBB170038F616 /* UICollectionViewExtensions.swift in Sources */ = {isa = PBXBuildFile; fileRef = 49B541EE245DBB170038F616 /* UICollectionViewExtensions.swift */; };
		49B541F1245DC0D30038F616 /* MovieCell.xib in Resources */ = {isa = PBXBuildFile; fileRef = 49B541F0245DC0D30038F616 /* MovieCell.xib */; };
		49B541F3245DC2890038F616 /* SectionHeaderReusableView.swift in Sources */ = {isa = PBXBuildFile; fileRef = 49B541F2245DC2890038F616 /* SectionHeaderReusableView.swift */; };
		49B541F5245DC2AE0038F616 /* SectionHeaderReusableView.xib in Resources */ = {isa = PBXBuildFile; fileRef = 49B541F4245DC2AE0038F616 /* SectionHeaderReusableView.xib */; };
		49B72A53247941CB0062D109 /* NotificationCenter.framework in Frameworks */ = {isa = PBXBuildFile; fileRef = 49B72A52247941CB0062D109 /* NotificationCenter.framework */; };
		49B72A59247941CB0062D109 /* MainInterface.storyboard in Resources */ = {isa = PBXBuildFile; fileRef = 49B72A57247941CB0062D109 /* MainInterface.storyboard */; };
		49B72A5D247941CB0062D109 /* Kino Widget.appex in Embed App Extensions */ = {isa = PBXBuildFile; fileRef = 49B72A51247941CA0062D109 /* Kino Widget.appex */; settings = {ATTRIBUTES = (RemoveHeadersOnCopy, ); }; };
		49B72A6924794A0E0062D109 /* Lottie in Frameworks */ = {isa = PBXBuildFile; productRef = 49B72A6824794A0E0062D109 /* Lottie */; };
		49DDB988246706560006DB4D /* MovieHelper.swift in Sources */ = {isa = PBXBuildFile; fileRef = 49DDB987246706560006DB4D /* MovieHelper.swift */; };
		49DDB98A246761820006DB4D /* CodableExtensions.swift in Sources */ = {isa = PBXBuildFile; fileRef = 49DDB989246761820006DB4D /* CodableExtensions.swift */; };
		49DDB98C2467619F0006DB4D /* StringExtensions.swift in Sources */ = {isa = PBXBuildFile; fileRef = 49DDB98B2467619F0006DB4D /* StringExtensions.swift */; };
		49FC7950248BE4DD00C033D7 /* DataManager.swift in Sources */ = {isa = PBXBuildFile; fileRef = 49FC794F248BE4DD00C033D7 /* DataManager.swift */; };
		49FC7952248BFB5B00C033D7 /* MovieDetailsSceneInteractor.swift in Sources */ = {isa = PBXBuildFile; fileRef = 49829F60246810900055521F /* MovieDetailsSceneInteractor.swift */; };
		49FC7953248BFB6300C033D7 /* DataManager.swift in Sources */ = {isa = PBXBuildFile; fileRef = 49FC794F248BE4DD00C033D7 /* DataManager.swift */; };
		49FC7954248BFB6800C033D7 /* AppDelegate.swift in Sources */ = {isa = PBXBuildFile; fileRef = 49099EC4245C209900D7DCD5 /* AppDelegate.swift */; };
		49FC7955248BFB6E00C033D7 /* HomeSceneViewController.swift in Sources */ = {isa = PBXBuildFile; fileRef = 49099EF2245C4F9400D7DCD5 /* HomeSceneViewController.swift */; };
		49FC7956248BFB7300C033D7 /* HomeSceneViewModel.swift in Sources */ = {isa = PBXBuildFile; fileRef = 49099EF4245C4F9400D7DCD5 /* HomeSceneViewModel.swift */; };
		49FC7957248BFB7900C033D7 /* HomeSceneInteractor.swift in Sources */ = {isa = PBXBuildFile; fileRef = 49099EF3245C4F9400D7DCD5 /* HomeSceneInteractor.swift */; };
		49FC7958248BFB7D00C033D7 /* HomeScenePresenter.swift in Sources */ = {isa = PBXBuildFile; fileRef = 49099EF1245C4F9400D7DCD5 /* HomeScenePresenter.swift */; };
		49FC7959248BFB8500C033D7 /* MovieCell.swift in Sources */ = {isa = PBXBuildFile; fileRef = 49099F25245C81F500D7DCD5 /* MovieCell.swift */; };
		49FC795A248BFB8A00C033D7 /* CategoryCell.swift in Sources */ = {isa = PBXBuildFile; fileRef = 498C5CE02465BCCB00E2AF1D /* CategoryCell.swift */; };
		49FC795B248BFB8E00C033D7 /* SectionHeaderReusableView.swift in Sources */ = {isa = PBXBuildFile; fileRef = 49B541F2245DC2890038F616 /* SectionHeaderReusableView.swift */; };
		49FC795C248BFB9500C033D7 /* CategoryDetailsSceneViewController.swift in Sources */ = {isa = PBXBuildFile; fileRef = 49829F68246810B80055521F /* CategoryDetailsSceneViewController.swift */; };
		49FC795D248BFB9800C033D7 /* CategoryDetailsSceneInteractor.swift in Sources */ = {isa = PBXBuildFile; fileRef = 49829F69246810B80055521F /* CategoryDetailsSceneInteractor.swift */; };
		49FC795E248BFB9B00C033D7 /* CategoryDetailsSceneViewModel.swift in Sources */ = {isa = PBXBuildFile; fileRef = 49829F6A246810B80055521F /* CategoryDetailsSceneViewModel.swift */; };
		49FC795F248BFB9F00C033D7 /* CategoryDetailsScenePresenter.swift in Sources */ = {isa = PBXBuildFile; fileRef = 49829F67246810B80055521F /* CategoryDetailsScenePresenter.swift */; };
		49FC7960248BFBA300C033D7 /* MovieCategoryCell.swift in Sources */ = {isa = PBXBuildFile; fileRef = 4999CA3C24685F1700D92088 /* MovieCategoryCell.swift */; };
		49FC7961248BFBA800C033D7 /* UITableViewExtensions.swift in Sources */ = {isa = PBXBuildFile; fileRef = 4999CA3E24685F6900D92088 /* UITableViewExtensions.swift */; };
		49FC7962248BFBB000C033D7 /* KinoInteractorLoadingQueue.swift in Sources */ = {isa = PBXBuildFile; fileRef = 4978E91F245F116000CEDA46 /* KinoInteractorLoadingQueue.swift */; };
		49FC7963248BFC5000C033D7 /* Kino.xcdatamodeld in Sources */ = {isa = PBXBuildFile; fileRef = 49099ECD245C209900D7DCD5 /* Kino.xcdatamodeld */; };
		49FC7965248C3ECA00C033D7 /* WatchList.storyboard in Resources */ = {isa = PBXBuildFile; fileRef = 49FC7964248C3ECA00C033D7 /* WatchList.storyboard */; };
/* End PBXBuildFile section */

/* Begin PBXContainerItemProxy section */
		49099EDB245C209C00D7DCD5 /* PBXContainerItemProxy */ = {
			isa = PBXContainerItemProxy;
			containerPortal = 49099EB9245C209900D7DCD5 /* Project object */;
			proxyType = 1;
			remoteGlobalIDString = 49099EC0245C209900D7DCD5;
			remoteInfo = Kino;
		};
		49B72A5B247941CB0062D109 /* PBXContainerItemProxy */ = {
			isa = PBXContainerItemProxy;
			containerPortal = 49099EB9245C209900D7DCD5 /* Project object */;
			proxyType = 1;
			remoteGlobalIDString = 49B72A50247941CA0062D109;
			remoteInfo = "Kino Widget";
		};
/* End PBXContainerItemProxy section */

/* Begin PBXCopyFilesBuildPhase section */
		49B72A5E247941CB0062D109 /* Embed App Extensions */ = {
			isa = PBXCopyFilesBuildPhase;
			buildActionMask = 2147483647;
			dstPath = "";
			dstSubfolderSpec = 13;
			files = (
				49B72A5D247941CB0062D109 /* Kino Widget.appex in Embed App Extensions */,
			);
			name = "Embed App Extensions";
			runOnlyForDeploymentPostprocessing = 0;
		};
/* End PBXCopyFilesBuildPhase section */

/* Begin PBXFileReference section */
		3AF53134D766DD6D5417BF61 /* Pods_KinoTests.framework */ = {isa = PBXFileReference; explicitFileType = wrapper.framework; includeInIndex = 0; path = Pods_KinoTests.framework; sourceTree = BUILT_PRODUCTS_DIR; };
		49099EC1245C209900D7DCD5 /* Kino.app */ = {isa = PBXFileReference; explicitFileType = wrapper.application; includeInIndex = 0; path = Kino.app; sourceTree = BUILT_PRODUCTS_DIR; };
		49099EC4245C209900D7DCD5 /* AppDelegate.swift */ = {isa = PBXFileReference; lastKnownFileType = sourcecode.swift; path = AppDelegate.swift; sourceTree = "<group>"; };
		49099ECB245C209900D7DCD5 /* Base */ = {isa = PBXFileReference; lastKnownFileType = file.storyboard; name = Base; path = Base.lproj/Main.storyboard; sourceTree = "<group>"; };
		49099ECE245C209900D7DCD5 /* Kino.xcdatamodel */ = {isa = PBXFileReference; lastKnownFileType = wrapper.xcdatamodel; path = Kino.xcdatamodel; sourceTree = "<group>"; };
		49099ED0245C209C00D7DCD5 /* Assets.xcassets */ = {isa = PBXFileReference; lastKnownFileType = folder.assetcatalog; path = Assets.xcassets; sourceTree = "<group>"; };
		49099ED3245C209C00D7DCD5 /* Base */ = {isa = PBXFileReference; lastKnownFileType = file.storyboard; name = Base; path = Base.lproj/LaunchScreen.storyboard; sourceTree = "<group>"; };
		49099ED5245C209C00D7DCD5 /* Info.plist */ = {isa = PBXFileReference; lastKnownFileType = text.plist.xml; path = Info.plist; sourceTree = "<group>"; };
		49099EDA245C209C00D7DCD5 /* KinoTests.xctest */ = {isa = PBXFileReference; explicitFileType = wrapper.cfbundle; includeInIndex = 0; path = KinoTests.xctest; sourceTree = BUILT_PRODUCTS_DIR; };
		49099EDE245C209C00D7DCD5 /* KinoTests.swift */ = {isa = PBXFileReference; lastKnownFileType = sourcecode.swift; path = KinoTests.swift; sourceTree = "<group>"; };
		49099EE0245C209C00D7DCD5 /* Info.plist */ = {isa = PBXFileReference; lastKnownFileType = text.plist.xml; path = Info.plist; sourceTree = "<group>"; };
		49099EED245C4F0300D7DCD5 /* KinoTabbarViewController.swift */ = {isa = PBXFileReference; lastKnownFileType = sourcecode.swift; path = KinoTabbarViewController.swift; sourceTree = "<group>"; };
		49099EF1245C4F9400D7DCD5 /* HomeScenePresenter.swift */ = {isa = PBXFileReference; lastKnownFileType = sourcecode.swift; path = HomeScenePresenter.swift; sourceTree = "<group>"; };
		49099EF2245C4F9400D7DCD5 /* HomeSceneViewController.swift */ = {isa = PBXFileReference; lastKnownFileType = sourcecode.swift; path = HomeSceneViewController.swift; sourceTree = "<group>"; };
		49099EF3245C4F9400D7DCD5 /* HomeSceneInteractor.swift */ = {isa = PBXFileReference; lastKnownFileType = sourcecode.swift; path = HomeSceneInteractor.swift; sourceTree = "<group>"; };
		49099EF4245C4F9400D7DCD5 /* HomeSceneViewModel.swift */ = {isa = PBXFileReference; lastKnownFileType = sourcecode.swift; path = HomeSceneViewModel.swift; sourceTree = "<group>"; };
		49099EF9245C4FA800D7DCD5 /* WatchListScenePresenter.swift */ = {isa = PBXFileReference; lastKnownFileType = sourcecode.swift; path = WatchListScenePresenter.swift; sourceTree = "<group>"; };
		49099EFA245C4FA800D7DCD5 /* WatchListSceneViewController.swift */ = {isa = PBXFileReference; lastKnownFileType = sourcecode.swift; path = WatchListSceneViewController.swift; sourceTree = "<group>"; };
		49099EFB245C4FA800D7DCD5 /* WatchListSceneInteractor.swift */ = {isa = PBXFileReference; lastKnownFileType = sourcecode.swift; path = WatchListSceneInteractor.swift; sourceTree = "<group>"; };
		49099EFC245C4FA800D7DCD5 /* WatchListSceneViewModel.swift */ = {isa = PBXFileReference; lastKnownFileType = sourcecode.swift; path = WatchListSceneViewModel.swift; sourceTree = "<group>"; };
		49099F03245C51CF00D7DCD5 /* HomeSceneInteractorTests.swift */ = {isa = PBXFileReference; lastKnownFileType = sourcecode.swift; path = HomeSceneInteractorTests.swift; sourceTree = "<group>"; };
		49099F04245C51CF00D7DCD5 /* HomeSceneViewControllerSpy.swift */ = {isa = PBXFileReference; lastKnownFileType = sourcecode.swift; path = HomeSceneViewControllerSpy.swift; sourceTree = "<group>"; };
		49099F05245C51CF00D7DCD5 /* HomeScenePresenterSpy.swift */ = {isa = PBXFileReference; lastKnownFileType = sourcecode.swift; path = HomeScenePresenterSpy.swift; sourceTree = "<group>"; };
		49099F06245C51CF00D7DCD5 /* HomeScenePresenterTests.swift */ = {isa = PBXFileReference; lastKnownFileType = sourcecode.swift; path = HomeScenePresenterTests.swift; sourceTree = "<group>"; };
		49099F0C245C520D00D7DCD5 /* WatchListSceneInteractorTests.swift */ = {isa = PBXFileReference; lastKnownFileType = sourcecode.swift; path = WatchListSceneInteractorTests.swift; sourceTree = "<group>"; };
		49099F0D245C520D00D7DCD5 /* WatchListSceneViewControllerSpy.swift */ = {isa = PBXFileReference; lastKnownFileType = sourcecode.swift; path = WatchListSceneViewControllerSpy.swift; sourceTree = "<group>"; };
		49099F0E245C520D00D7DCD5 /* WatchListScenePresenterSpy.swift */ = {isa = PBXFileReference; lastKnownFileType = sourcecode.swift; path = WatchListScenePresenterSpy.swift; sourceTree = "<group>"; };
		49099F0F245C520D00D7DCD5 /* WatchListScenePresenterTests.swift */ = {isa = PBXFileReference; lastKnownFileType = sourcecode.swift; path = WatchListScenePresenterTests.swift; sourceTree = "<group>"; };
		49099F15245C556F00D7DCD5 /* KinoAPI.swift */ = {isa = PBXFileReference; lastKnownFileType = sourcecode.swift; path = KinoAPI.swift; sourceTree = "<group>"; };
		49099F17245C55AB00D7DCD5 /* Manager.swift */ = {isa = PBXFileReference; lastKnownFileType = sourcecode.swift; path = Manager.swift; sourceTree = "<group>"; };
		49099F1B245C58B500D7DCD5 /* URLSessionExtension.swift */ = {isa = PBXFileReference; lastKnownFileType = sourcecode.swift; path = URLSessionExtension.swift; sourceTree = "<group>"; };
		49099F20245C63C600D7DCD5 /* MoviesInfo.swift */ = {isa = PBXFileReference; lastKnownFileType = sourcecode.swift; path = MoviesInfo.swift; sourceTree = "<group>"; };
		49099F25245C81F500D7DCD5 /* MovieCell.swift */ = {isa = PBXFileReference; lastKnownFileType = sourcecode.swift; path = MovieCell.swift; sourceTree = "<group>"; };
		494C69D424708A020016F06C /* MovieDetailImageCell.swift */ = {isa = PBXFileReference; lastKnownFileType = sourcecode.swift; path = MovieDetailImageCell.swift; sourceTree = "<group>"; };
		494C69D624708A950016F06C /* MovieDetailBasicInfoCell.swift */ = {isa = PBXFileReference; lastKnownFileType = sourcecode.swift; path = MovieDetailBasicInfoCell.swift; sourceTree = "<group>"; };
		494C69D824708AEC0016F06C /* MovieDetailOverviewCell.swift */ = {isa = PBXFileReference; lastKnownFileType = sourcecode.swift; path = MovieDetailOverviewCell.swift; sourceTree = "<group>"; };
		49647882245CD32F0013C0B6 /* CustomImageView.swift */ = {isa = PBXFileReference; lastKnownFileType = sourcecode.swift; path = CustomImageView.swift; sourceTree = "<group>"; };
		49647884245CD39C0013C0B6 /* skeleton-loading.json */ = {isa = PBXFileReference; fileEncoding = 4; lastKnownFileType = text.json; path = "skeleton-loading.json"; sourceTree = "<group>"; };
		4978E91F245F116000CEDA46 /* KinoInteractorLoadingQueue.swift */ = {isa = PBXFileReference; lastKnownFileType = sourcecode.swift; path = KinoInteractorLoadingQueue.swift; sourceTree = "<group>"; };
		497CF41624713113009279D7 /* MovieDetailImageCell.xib */ = {isa = PBXFileReference; lastKnownFileType = file.xib; path = MovieDetailImageCell.xib; sourceTree = "<group>"; };
		497CF41824713152009279D7 /* MovieDetailBasicInfoCell.xib */ = {isa = PBXFileReference; lastKnownFileType = file.xib; path = MovieDetailBasicInfoCell.xib; sourceTree = "<group>"; };
		497CF41A24713187009279D7 /* MovieDetailOverviewCell.xib */ = {isa = PBXFileReference; lastKnownFileType = file.xib; path = MovieDetailOverviewCell.xib; sourceTree = "<group>"; };
		4980A2CA248CF32C00A8B004 /* FavoriteMovieCell.swift */ = {isa = PBXFileReference; lastKnownFileType = sourcecode.swift; path = FavoriteMovieCell.swift; sourceTree = "<group>"; };
		4980A2CC248CF40A00A8B004 /* FavoriteMovieCell.xib */ = {isa = PBXFileReference; lastKnownFileType = file.xib; path = FavoriteMovieCell.xib; sourceTree = "<group>"; };
		49829F5A2467FF7C0055521F /* Home.storyboard */ = {isa = PBXFileReference; lastKnownFileType = file.storyboard; path = Home.storyboard; sourceTree = "<group>"; };
		49829F5E246810900055521F /* MovieDetailsScenePresenter.swift */ = {isa = PBXFileReference; lastKnownFileType = sourcecode.swift; path = MovieDetailsScenePresenter.swift; sourceTree = "<group>"; };
		49829F5F246810900055521F /* MovieDetailsSceneViewController.swift */ = {isa = PBXFileReference; lastKnownFileType = sourcecode.swift; path = MovieDetailsSceneViewController.swift; sourceTree = "<group>"; };
		49829F60246810900055521F /* MovieDetailsSceneInteractor.swift */ = {isa = PBXFileReference; lastKnownFileType = sourcecode.swift; path = MovieDetailsSceneInteractor.swift; sourceTree = "<group>"; };
		49829F61246810900055521F /* MovieDetailsSceneViewModel.swift */ = {isa = PBXFileReference; lastKnownFileType = sourcecode.swift; path = MovieDetailsSceneViewModel.swift; sourceTree = "<group>"; };
		49829F67246810B80055521F /* CategoryDetailsScenePresenter.swift */ = {isa = PBXFileReference; lastKnownFileType = sourcecode.swift; path = CategoryDetailsScenePresenter.swift; sourceTree = "<group>"; };
		49829F68246810B80055521F /* CategoryDetailsSceneViewController.swift */ = {isa = PBXFileReference; lastKnownFileType = sourcecode.swift; path = CategoryDetailsSceneViewController.swift; sourceTree = "<group>"; };
		49829F69246810B80055521F /* CategoryDetailsSceneInteractor.swift */ = {isa = PBXFileReference; lastKnownFileType = sourcecode.swift; path = CategoryDetailsSceneInteractor.swift; sourceTree = "<group>"; };
		49829F6A246810B80055521F /* CategoryDetailsSceneViewModel.swift */ = {isa = PBXFileReference; lastKnownFileType = sourcecode.swift; path = CategoryDetailsSceneViewModel.swift; sourceTree = "<group>"; };
		498C5CDE2465AE3200E2AF1D /* MoviesCategory.swift */ = {isa = PBXFileReference; lastKnownFileType = sourcecode.swift; path = MoviesCategory.swift; sourceTree = "<group>"; };
		498C5CE02465BCCB00E2AF1D /* CategoryCell.swift */ = {isa = PBXFileReference; lastKnownFileType = sourcecode.swift; path = CategoryCell.swift; sourceTree = "<group>"; };
		498C5CE22465BD3F00E2AF1D /* CategoryCell.xib */ = {isa = PBXFileReference; lastKnownFileType = file.xib; path = CategoryCell.xib; sourceTree = "<group>"; };
		4999CA3C24685F1700D92088 /* MovieCategoryCell.swift */ = {isa = PBXFileReference; lastKnownFileType = sourcecode.swift; path = MovieCategoryCell.swift; sourceTree = "<group>"; };
		4999CA3E24685F6900D92088 /* UITableViewExtensions.swift */ = {isa = PBXFileReference; lastKnownFileType = sourcecode.swift; path = UITableViewExtensions.swift; sourceTree = "<group>"; };
		4999CA4024685FD200D92088 /* MovieCategoryCell.xib */ = {isa = PBXFileReference; lastKnownFileType = file.xib; path = MovieCategoryCell.xib; sourceTree = "<group>"; };
		49A03EB32479D25200EA2623 /* TodayScenePresenter.swift */ = {isa = PBXFileReference; lastKnownFileType = sourcecode.swift; path = TodayScenePresenter.swift; sourceTree = "<group>"; };
		49A03EB42479D25200EA2623 /* TodaySceneViewController.swift */ = {isa = PBXFileReference; lastKnownFileType = sourcecode.swift; path = TodaySceneViewController.swift; sourceTree = "<group>"; };
		49A03EB52479D25200EA2623 /* TodaySceneInteractor.swift */ = {isa = PBXFileReference; lastKnownFileType = sourcecode.swift; path = TodaySceneInteractor.swift; sourceTree = "<group>"; };
		49A03EB62479D25200EA2623 /* TodaySceneViewModel.swift */ = {isa = PBXFileReference; lastKnownFileType = sourcecode.swift; path = TodaySceneViewModel.swift; sourceTree = "<group>"; };
		49B541EC245DB0880038F616 /* MovieExtension.swift */ = {isa = PBXFileReference; lastKnownFileType = sourcecode.swift; path = MovieExtension.swift; sourceTree = "<group>"; };
		49B541EE245DBB170038F616 /* UICollectionViewExtensions.swift */ = {isa = PBXFileReference; lastKnownFileType = sourcecode.swift; path = UICollectionViewExtensions.swift; sourceTree = "<group>"; };
		49B541F0245DC0D30038F616 /* MovieCell.xib */ = {isa = PBXFileReference; lastKnownFileType = file.xib; path = MovieCell.xib; sourceTree = "<group>"; };
		49B541F2245DC2890038F616 /* SectionHeaderReusableView.swift */ = {isa = PBXFileReference; lastKnownFileType = sourcecode.swift; path = SectionHeaderReusableView.swift; sourceTree = "<group>"; };
		49B541F4245DC2AE0038F616 /* SectionHeaderReusableView.xib */ = {isa = PBXFileReference; lastKnownFileType = file.xib; path = SectionHeaderReusableView.xib; sourceTree = "<group>"; };
		49B72A51247941CA0062D109 /* Kino Widget.appex */ = {isa = PBXFileReference; explicitFileType = "wrapper.app-extension"; includeInIndex = 0; path = "Kino Widget.appex"; sourceTree = BUILT_PRODUCTS_DIR; };
		49B72A52247941CB0062D109 /* NotificationCenter.framework */ = {isa = PBXFileReference; lastKnownFileType = wrapper.framework; name = NotificationCenter.framework; path = System/Library/Frameworks/NotificationCenter.framework; sourceTree = SDKROOT; };
		49B72A58247941CB0062D109 /* Base */ = {isa = PBXFileReference; lastKnownFileType = file.storyboard; name = Base; path = Base.lproj/MainInterface.storyboard; sourceTree = "<group>"; };
		49B72A5A247941CB0062D109 /* Info.plist */ = {isa = PBXFileReference; lastKnownFileType = text.plist.xml; path = Info.plist; sourceTree = "<group>"; };
		49DDB987246706560006DB4D /* MovieHelper.swift */ = {isa = PBXFileReference; lastKnownFileType = sourcecode.swift; path = MovieHelper.swift; sourceTree = "<group>"; };
		49DDB989246761820006DB4D /* CodableExtensions.swift */ = {isa = PBXFileReference; lastKnownFileType = sourcecode.swift; path = CodableExtensions.swift; sourceTree = "<group>"; };
		49DDB98B2467619F0006DB4D /* StringExtensions.swift */ = {isa = PBXFileReference; lastKnownFileType = sourcecode.swift; path = StringExtensions.swift; sourceTree = "<group>"; };
		49FC794F248BE4DD00C033D7 /* DataManager.swift */ = {isa = PBXFileReference; lastKnownFileType = sourcecode.swift; path = DataManager.swift; sourceTree = "<group>"; };
		49FC7964248C3ECA00C033D7 /* WatchList.storyboard */ = {isa = PBXFileReference; lastKnownFileType = file.storyboard; path = WatchList.storyboard; sourceTree = "<group>"; };
		7EA2CB0BE102C3B247A27A6C /* Pods-KinoTests.debug.xcconfig */ = {isa = PBXFileReference; includeInIndex = 1; lastKnownFileType = text.xcconfig; name = "Pods-KinoTests.debug.xcconfig"; path = "Target Support Files/Pods-KinoTests/Pods-KinoTests.debug.xcconfig"; sourceTree = "<group>"; };
		9578DC45C2A0D08D0864F90D /* Pods_Kino.framework */ = {isa = PBXFileReference; explicitFileType = wrapper.framework; includeInIndex = 0; path = Pods_Kino.framework; sourceTree = BUILT_PRODUCTS_DIR; };
		A2E3D5F7F0BD547794965B0E /* Pods-KinoTests.release.xcconfig */ = {isa = PBXFileReference; includeInIndex = 1; lastKnownFileType = text.xcconfig; name = "Pods-KinoTests.release.xcconfig"; path = "Target Support Files/Pods-KinoTests/Pods-KinoTests.release.xcconfig"; sourceTree = "<group>"; };
		A60A70B706C25393C7595C72 /* Pods-Kino.release.xcconfig */ = {isa = PBXFileReference; includeInIndex = 1; lastKnownFileType = text.xcconfig; name = "Pods-Kino.release.xcconfig"; path = "Target Support Files/Pods-Kino/Pods-Kino.release.xcconfig"; sourceTree = "<group>"; };
		AD76363C1B90C3853C539B70 /* Pods-Kino.debug.xcconfig */ = {isa = PBXFileReference; includeInIndex = 1; lastKnownFileType = text.xcconfig; name = "Pods-Kino.debug.xcconfig"; path = "Target Support Files/Pods-Kino/Pods-Kino.debug.xcconfig"; sourceTree = "<group>"; };
/* End PBXFileReference section */

/* Begin PBXFrameworksBuildPhase section */
		49099EBE245C209900D7DCD5 /* Frameworks */ = {
			isa = PBXFrameworksBuildPhase;
			buildActionMask = 2147483647;
			files = (
				489B46C063E3E0932E68B4D0 /* Pods_Kino.framework in Frameworks */,
				49B72A6924794A0E0062D109 /* Lottie in Frameworks */,
			);
			runOnlyForDeploymentPostprocessing = 0;
		};
		49099ED7245C209C00D7DCD5 /* Frameworks */ = {
			isa = PBXFrameworksBuildPhase;
			buildActionMask = 2147483647;
			files = (
				281419B7D820331D6FD4CA71 /* Pods_KinoTests.framework in Frameworks */,
			);
			runOnlyForDeploymentPostprocessing = 0;
		};
		49B72A4E247941CA0062D109 /* Frameworks */ = {
			isa = PBXFrameworksBuildPhase;
			buildActionMask = 2147483647;
			files = (
				49B72A53247941CB0062D109 /* NotificationCenter.framework in Frameworks */,
				490C54D8247AEF0C004A5826 /* Lottie in Frameworks */,
			);
			runOnlyForDeploymentPostprocessing = 0;
		};
/* End PBXFrameworksBuildPhase section */

/* Begin PBXGroup section */
		49099EB8245C209900D7DCD5 = {
			isa = PBXGroup;
			children = (
				49099EC3245C209900D7DCD5 /* Kino */,
				49099EDD245C209C00D7DCD5 /* KinoTests */,
				49B72A54247941CB0062D109 /* Kino Widget */,
				49099EC2245C209900D7DCD5 /* Products */,
				C3F816513F71B7FD354D0DB1 /* Pods */,
				DC381F60AC96FC73A893E177 /* Frameworks */,
			);
			sourceTree = "<group>";
		};
		49099EC2245C209900D7DCD5 /* Products */ = {
			isa = PBXGroup;
			children = (
				49099EC1245C209900D7DCD5 /* Kino.app */,
				49099EDA245C209C00D7DCD5 /* KinoTests.xctest */,
				49B72A51247941CA0062D109 /* Kino Widget.appex */,
			);
			name = Products;
			sourceTree = "<group>";
		};
		49099EC3245C209900D7DCD5 /* Kino */ = {
			isa = PBXGroup;
			children = (
				49099EC4245C209900D7DCD5 /* AppDelegate.swift */,
				49099ED5245C209C00D7DCD5 /* Info.plist */,
				49099EED245C4F0300D7DCD5 /* KinoTabbarViewController.swift */,
				49099ECA245C209900D7DCD5 /* Main.storyboard */,
				49099F19245C55B100D7DCD5 /* Manager */,
				49099F1D245C5C1D00D7DCD5 /* Model */,
				49099EEF245C4F6600D7DCD5 /* HomeScene */,
				49099EF0245C4F7200D7DCD5 /* WatchListScene */,
				49099F14245C54F600D7DCD5 /* Networking */,
				49099F1A245C58A500D7DCD5 /* Extensions */,
				49099F01245C4FC400D7DCD5 /* Resources */,
			);
			path = Kino;
			sourceTree = "<group>";
		};
		49099EDD245C209C00D7DCD5 /* KinoTests */ = {
			isa = PBXGroup;
			children = (
				49099F02245C51B900D7DCD5 /* HomeScene */,
				49099F0B245C51E300D7DCD5 /* WatchListScene */,
				49099EDE245C209C00D7DCD5 /* KinoTests.swift */,
				49099EE0245C209C00D7DCD5 /* Info.plist */,
			);
			path = KinoTests;
			sourceTree = "<group>";
		};
		49099EEF245C4F6600D7DCD5 /* HomeScene */ = {
			isa = PBXGroup;
			children = (
				49829F6F246810CB0055521F /* HomeScene */,
				49829F662468109B0055521F /* CategoryDetailsScene */,
				49829F5C2468106A0055521F /* MovieDetailsScene */,
				49829F5A2467FF7C0055521F /* Home.storyboard */,
			);
			path = HomeScene;
			sourceTree = "<group>";
		};
		49099EF0245C4F7200D7DCD5 /* WatchListScene */ = {
			isa = PBXGroup;
			children = (
				4980A2C9248CF32300A8B004 /* Cell */,
				49099EF9245C4FA800D7DCD5 /* WatchListScenePresenter.swift */,
				49099EFA245C4FA800D7DCD5 /* WatchListSceneViewController.swift */,
				49099EFB245C4FA800D7DCD5 /* WatchListSceneInteractor.swift */,
				49099EFC245C4FA800D7DCD5 /* WatchListSceneViewModel.swift */,
				49FC7964248C3ECA00C033D7 /* WatchList.storyboard */,
			);
			path = WatchListScene;
			sourceTree = "<group>";
		};
		49099F01245C4FC400D7DCD5 /* Resources */ = {
			isa = PBXGroup;
			children = (
				49647884245CD39C0013C0B6 /* skeleton-loading.json */,
				49099ED2245C209C00D7DCD5 /* LaunchScreen.storyboard */,
				49099ECD245C209900D7DCD5 /* Kino.xcdatamodeld */,
				49099ED0245C209C00D7DCD5 /* Assets.xcassets */,
			);
			path = Resources;
			sourceTree = "<group>";
		};
		49099F02245C51B900D7DCD5 /* HomeScene */ = {
			isa = PBXGroup;
			children = (
				49099F03245C51CF00D7DCD5 /* HomeSceneInteractorTests.swift */,
				49099F04245C51CF00D7DCD5 /* HomeSceneViewControllerSpy.swift */,
				49099F05245C51CF00D7DCD5 /* HomeScenePresenterSpy.swift */,
				49099F06245C51CF00D7DCD5 /* HomeScenePresenterTests.swift */,
				49DDB987246706560006DB4D /* MovieHelper.swift */,
			);
			path = HomeScene;
			sourceTree = "<group>";
		};
		49099F0B245C51E300D7DCD5 /* WatchListScene */ = {
			isa = PBXGroup;
			children = (
				49099F0C245C520D00D7DCD5 /* WatchListSceneInteractorTests.swift */,
				49099F0D245C520D00D7DCD5 /* WatchListSceneViewControllerSpy.swift */,
				49099F0E245C520D00D7DCD5 /* WatchListScenePresenterSpy.swift */,
				49099F0F245C520D00D7DCD5 /* WatchListScenePresenterTests.swift */,
			);
			path = WatchListScene;
			sourceTree = "<group>";
		};
		49099F14245C54F600D7DCD5 /* Networking */ = {
			isa = PBXGroup;
			children = (
				49099F15245C556F00D7DCD5 /* KinoAPI.swift */,
				4978E91F245F116000CEDA46 /* KinoInteractorLoadingQueue.swift */,
			);
			path = Networking;
			sourceTree = "<group>";
		};
		49099F19245C55B100D7DCD5 /* Manager */ = {
			isa = PBXGroup;
			children = (
				49099F17245C55AB00D7DCD5 /* Manager.swift */,
				49FC794F248BE4DD00C033D7 /* DataManager.swift */,
			);
			path = Manager;
			sourceTree = "<group>";
		};
		49099F1A245C58A500D7DCD5 /* Extensions */ = {
			isa = PBXGroup;
			children = (
				49099F1B245C58B500D7DCD5 /* URLSessionExtension.swift */,
				49647882245CD32F0013C0B6 /* CustomImageView.swift */,
				49B541EC245DB0880038F616 /* MovieExtension.swift */,
				49B541EE245DBB170038F616 /* UICollectionViewExtensions.swift */,
				49DDB989246761820006DB4D /* CodableExtensions.swift */,
				49DDB98B2467619F0006DB4D /* StringExtensions.swift */,
				4999CA3E24685F6900D92088 /* UITableViewExtensions.swift */,
			);
			path = Extensions;
			sourceTree = "<group>";
		};
		49099F1D245C5C1D00D7DCD5 /* Model */ = {
			isa = PBXGroup;
			children = (
				49099F20245C63C600D7DCD5 /* MoviesInfo.swift */,
				498C5CDE2465AE3200E2AF1D /* MoviesCategory.swift */,
			);
			path = Model;
			sourceTree = "<group>";
		};
		49099F24245C81EA00D7DCD5 /* Cells */ = {
			isa = PBXGroup;
			children = (
				49099F25245C81F500D7DCD5 /* MovieCell.swift */,
				49B541F0245DC0D30038F616 /* MovieCell.xib */,
				49B541F2245DC2890038F616 /* SectionHeaderReusableView.swift */,
				49B541F4245DC2AE0038F616 /* SectionHeaderReusableView.xib */,
				498C5CE02465BCCB00E2AF1D /* CategoryCell.swift */,
				498C5CE22465BD3F00E2AF1D /* CategoryCell.xib */,
			);
			path = Cells;
			sourceTree = "<group>";
		};
		494C69D3247089850016F06C /* Cells */ = {
			isa = PBXGroup;
			children = (
				494C69D424708A020016F06C /* MovieDetailImageCell.swift */,
				494C69D624708A950016F06C /* MovieDetailBasicInfoCell.swift */,
				494C69D824708AEC0016F06C /* MovieDetailOverviewCell.swift */,
				497CF41624713113009279D7 /* MovieDetailImageCell.xib */,
				497CF41824713152009279D7 /* MovieDetailBasicInfoCell.xib */,
				497CF41A24713187009279D7 /* MovieDetailOverviewCell.xib */,
			);
			path = Cells;
			sourceTree = "<group>";
		};
		4980A2C9248CF32300A8B004 /* Cell */ = {
			isa = PBXGroup;
			children = (
				4980A2CA248CF32C00A8B004 /* FavoriteMovieCell.swift */,
				4980A2CC248CF40A00A8B004 /* FavoriteMovieCell.xib */,
			);
			path = Cell;
			sourceTree = "<group>";
		};
		49829F5C2468106A0055521F /* MovieDetailsScene */ = {
			isa = PBXGroup;
			children = (
				494C69D3247089850016F06C /* Cells */,
				49829F5E246810900055521F /* MovieDetailsScenePresenter.swift */,
				49829F5F246810900055521F /* MovieDetailsSceneViewController.swift */,
				49829F60246810900055521F /* MovieDetailsSceneInteractor.swift */,
				49829F61246810900055521F /* MovieDetailsSceneViewModel.swift */,
			);
			path = MovieDetailsScene;
			sourceTree = "<group>";
		};
		49829F662468109B0055521F /* CategoryDetailsScene */ = {
			isa = PBXGroup;
			children = (
				4999CA3B24685E3300D92088 /* Cells */,
				49829F67246810B80055521F /* CategoryDetailsScenePresenter.swift */,
				49829F68246810B80055521F /* CategoryDetailsSceneViewController.swift */,
				49829F69246810B80055521F /* CategoryDetailsSceneInteractor.swift */,
				49829F6A246810B80055521F /* CategoryDetailsSceneViewModel.swift */,
			);
			path = CategoryDetailsScene;
			sourceTree = "<group>";
		};
		49829F6F246810CB0055521F /* HomeScene */ = {
			isa = PBXGroup;
			children = (
				49099F24245C81EA00D7DCD5 /* Cells */,
				49099EF1245C4F9400D7DCD5 /* HomeScenePresenter.swift */,
				49099EF2245C4F9400D7DCD5 /* HomeSceneViewController.swift */,
				49099EF3245C4F9400D7DCD5 /* HomeSceneInteractor.swift */,
				49099EF4245C4F9400D7DCD5 /* HomeSceneViewModel.swift */,
			);
			path = HomeScene;
			sourceTree = "<group>";
		};
		4999CA3B24685E3300D92088 /* Cells */ = {
			isa = PBXGroup;
			children = (
				4999CA3C24685F1700D92088 /* MovieCategoryCell.swift */,
				4999CA4024685FD200D92088 /* MovieCategoryCell.xib */,
			);
			path = Cells;
			sourceTree = "<group>";
		};
		49A03EB22479D23900EA2623 /* TodayScene */ = {
			isa = PBXGroup;
			children = (
				49A03EB32479D25200EA2623 /* TodayScenePresenter.swift */,
				49A03EB42479D25200EA2623 /* TodaySceneViewController.swift */,
				49A03EB52479D25200EA2623 /* TodaySceneInteractor.swift */,
				49A03EB62479D25200EA2623 /* TodaySceneViewModel.swift */,
			);
			path = TodayScene;
			sourceTree = "<group>";
		};
		49B72A54247941CB0062D109 /* Kino Widget */ = {
			isa = PBXGroup;
			children = (
				49A03EB22479D23900EA2623 /* TodayScene */,
				49B72A57247941CB0062D109 /* MainInterface.storyboard */,
				49B72A5A247941CB0062D109 /* Info.plist */,
			);
			path = "Kino Widget";
			sourceTree = "<group>";
		};
		C3F816513F71B7FD354D0DB1 /* Pods */ = {
			isa = PBXGroup;
			children = (
				AD76363C1B90C3853C539B70 /* Pods-Kino.debug.xcconfig */,
				A60A70B706C25393C7595C72 /* Pods-Kino.release.xcconfig */,
				7EA2CB0BE102C3B247A27A6C /* Pods-KinoTests.debug.xcconfig */,
				A2E3D5F7F0BD547794965B0E /* Pods-KinoTests.release.xcconfig */,
			);
			path = Pods;
			sourceTree = "<group>";
		};
		DC381F60AC96FC73A893E177 /* Frameworks */ = {
			isa = PBXGroup;
			children = (
				9578DC45C2A0D08D0864F90D /* Pods_Kino.framework */,
				3AF53134D766DD6D5417BF61 /* Pods_KinoTests.framework */,
				49B72A52247941CB0062D109 /* NotificationCenter.framework */,
			);
			name = Frameworks;
			sourceTree = "<group>";
		};
/* End PBXGroup section */

/* Begin PBXNativeTarget section */
		49099EC0245C209900D7DCD5 /* Kino */ = {
			isa = PBXNativeTarget;
			buildConfigurationList = 49099EE3245C209C00D7DCD5 /* Build configuration list for PBXNativeTarget "Kino" */;
			buildPhases = (
				9F28CC948F7D8F8733B95B20 /* [CP] Check Pods Manifest.lock */,
				49099EBD245C209900D7DCD5 /* Sources */,
				49099EBE245C209900D7DCD5 /* Frameworks */,
				49099EBF245C209900D7DCD5 /* Resources */,
				49099EEC245C29CF00D7DCD5 /* ShellScript */,
				4A18C7BD41DAB316DD59C98C /* [CP] Embed Pods Frameworks */,
				49B72A5E247941CB0062D109 /* Embed App Extensions */,
			);
			buildRules = (
			);
			dependencies = (
				49B72A5C247941CB0062D109 /* PBXTargetDependency */,
			);
			name = Kino;
			packageProductDependencies = (
				49B72A6824794A0E0062D109 /* Lottie */,
			);
			productName = Kino;
			productReference = 49099EC1245C209900D7DCD5 /* Kino.app */;
			productType = "com.apple.product-type.application";
		};
		49099ED9245C209C00D7DCD5 /* KinoTests */ = {
			isa = PBXNativeTarget;
			buildConfigurationList = 49099EE6245C209C00D7DCD5 /* Build configuration list for PBXNativeTarget "KinoTests" */;
			buildPhases = (
				2684DB88BBEFD11274E87A1F /* [CP] Check Pods Manifest.lock */,
				49099ED6245C209C00D7DCD5 /* Sources */,
				49099ED7245C209C00D7DCD5 /* Frameworks */,
				49099ED8245C209C00D7DCD5 /* Resources */,
			);
			buildRules = (
			);
			dependencies = (
				49099EDC245C209C00D7DCD5 /* PBXTargetDependency */,
			);
			name = KinoTests;
			productName = KinoTests;
			productReference = 49099EDA245C209C00D7DCD5 /* KinoTests.xctest */;
			productType = "com.apple.product-type.bundle.unit-test";
		};
		49B72A50247941CA0062D109 /* Kino Widget */ = {
			isa = PBXNativeTarget;
			buildConfigurationList = 49B72A61247941CB0062D109 /* Build configuration list for PBXNativeTarget "Kino Widget" */;
			buildPhases = (
				49B72A4D247941CA0062D109 /* Sources */,
				49B72A4E247941CA0062D109 /* Frameworks */,
				49B72A4F247941CA0062D109 /* Resources */,
			);
			buildRules = (
			);
			dependencies = (
			);
			name = "Kino Widget";
			packageProductDependencies = (
				490C54D7247AEF0C004A5826 /* Lottie */,
			);
			productName = "Kino Widget";
			productReference = 49B72A51247941CA0062D109 /* Kino Widget.appex */;
			productType = "com.apple.product-type.app-extension";
		};
/* End PBXNativeTarget section */

/* Begin PBXProject section */
		49099EB9245C209900D7DCD5 /* Project object */ = {
			isa = PBXProject;
			attributes = {
				LastSwiftUpdateCheck = 1150;
				LastUpgradeCheck = 1140;
				ORGANIZATIONNAME = Matti;
				TargetAttributes = {
					49099EC0245C209900D7DCD5 = {
						CreatedOnToolsVersion = 11.4.1;
					};
					49099ED9245C209C00D7DCD5 = {
						CreatedOnToolsVersion = 11.4.1;
						TestTargetID = 49099EC0245C209900D7DCD5;
					};
					49B72A50247941CA0062D109 = {
						CreatedOnToolsVersion = 11.5;
					};
				};
			};
			buildConfigurationList = 49099EBC245C209900D7DCD5 /* Build configuration list for PBXProject "Kino" */;
			compatibilityVersion = "Xcode 9.3";
			developmentRegion = en;
			hasScannedForEncodings = 0;
			knownRegions = (
				en,
				Base,
			);
			mainGroup = 49099EB8245C209900D7DCD5;
			packageReferences = (
				49B72A6724794A0E0062D109 /* XCRemoteSwiftPackageReference "lottie-ios" */,
			);
			productRefGroup = 49099EC2245C209900D7DCD5 /* Products */;
			projectDirPath = "";
			projectRoot = "";
			targets = (
				49099EC0245C209900D7DCD5 /* Kino */,
				49099ED9245C209C00D7DCD5 /* KinoTests */,
				49B72A50247941CA0062D109 /* Kino Widget */,
			);
		};
/* End PBXProject section */

/* Begin PBXResourcesBuildPhase section */
		49099EBF245C209900D7DCD5 /* Resources */ = {
			isa = PBXResourcesBuildPhase;
			buildActionMask = 2147483647;
			files = (
				4999CA4124685FD200D92088 /* MovieCategoryCell.xib in Resources */,
				49099ED4245C209C00D7DCD5 /* LaunchScreen.storyboard in Resources */,
				498C5CE32465BD3F00E2AF1D /* CategoryCell.xib in Resources */,
				49647885245CD39C0013C0B6 /* skeleton-loading.json in Resources */,
				49B541F5245DC2AE0038F616 /* SectionHeaderReusableView.xib in Resources */,
				49099ED1245C209C00D7DCD5 /* Assets.xcassets in Resources */,
				49099ECC245C209900D7DCD5 /* Main.storyboard in Resources */,
				497CF41724713113009279D7 /* MovieDetailImageCell.xib in Resources */,
				49B541F1245DC0D30038F616 /* MovieCell.xib in Resources */,
				49829F5B2467FF7C0055521F /* Home.storyboard in Resources */,
				4980A2CD248CF40A00A8B004 /* FavoriteMovieCell.xib in Resources */,
				49FC7965248C3ECA00C033D7 /* WatchList.storyboard in Resources */,
				497CF41B24713187009279D7 /* MovieDetailOverviewCell.xib in Resources */,
				497CF41924713152009279D7 /* MovieDetailBasicInfoCell.xib in Resources */,
			);
			runOnlyForDeploymentPostprocessing = 0;
		};
		49099ED8245C209C00D7DCD5 /* Resources */ = {
			isa = PBXResourcesBuildPhase;
			buildActionMask = 2147483647;
			files = (
			);
			runOnlyForDeploymentPostprocessing = 0;
		};
		49B72A4F247941CA0062D109 /* Resources */ = {
			isa = PBXResourcesBuildPhase;
			buildActionMask = 2147483647;
			files = (
				49B72A59247941CB0062D109 /* MainInterface.storyboard in Resources */,
			);
			runOnlyForDeploymentPostprocessing = 0;
		};
/* End PBXResourcesBuildPhase section */

/* Begin PBXShellScriptBuildPhase section */
		2684DB88BBEFD11274E87A1F /* [CP] Check Pods Manifest.lock */ = {
			isa = PBXShellScriptBuildPhase;
			buildActionMask = 2147483647;
			files = (
			);
			inputFileListPaths = (
			);
			inputPaths = (
				"${PODS_PODFILE_DIR_PATH}/Podfile.lock",
				"${PODS_ROOT}/Manifest.lock",
			);
			name = "[CP] Check Pods Manifest.lock";
			outputFileListPaths = (
			);
			outputPaths = (
				"$(DERIVED_FILE_DIR)/Pods-KinoTests-checkManifestLockResult.txt",
			);
			runOnlyForDeploymentPostprocessing = 0;
			shellPath = /bin/sh;
			shellScript = "diff \"${PODS_PODFILE_DIR_PATH}/Podfile.lock\" \"${PODS_ROOT}/Manifest.lock\" > /dev/null\nif [ $? != 0 ] ; then\n    # print error to STDERR\n    echo \"error: The sandbox is not in sync with the Podfile.lock. Run 'pod install' or update your CocoaPods installation.\" >&2\n    exit 1\nfi\n# This output is used by Xcode 'outputs' to avoid re-running this script phase.\necho \"SUCCESS\" > \"${SCRIPT_OUTPUT_FILE_0}\"\n";
			showEnvVarsInLog = 0;
		};
		49099EEC245C29CF00D7DCD5 /* ShellScript */ = {
			isa = PBXShellScriptBuildPhase;
			buildActionMask = 2147483647;
			files = (
			);
			inputFileListPaths = (
			);
			inputPaths = (
			);
			outputFileListPaths = (
			);
			outputPaths = (
			);
			runOnlyForDeploymentPostprocessing = 0;
			shellPath = /bin/sh;
			shellScript = "if which swiftlint >/dev/null; then\n  swiftlint\nelse\n  echo \"warning: SwiftLint not installed, download from https://github.com/realm/SwiftLint\"\nfi\n";
		};
		4A18C7BD41DAB316DD59C98C /* [CP] Embed Pods Frameworks */ = {
			isa = PBXShellScriptBuildPhase;
			buildActionMask = 2147483647;
			files = (
			);
			inputFileListPaths = (
				"${PODS_ROOT}/Target Support Files/Pods-Kino/Pods-Kino-frameworks-${CONFIGURATION}-input-files.xcfilelist",
			);
			name = "[CP] Embed Pods Frameworks";
			outputFileListPaths = (
				"${PODS_ROOT}/Target Support Files/Pods-Kino/Pods-Kino-frameworks-${CONFIGURATION}-output-files.xcfilelist",
			);
			runOnlyForDeploymentPostprocessing = 0;
			shellPath = /bin/sh;
			shellScript = "\"${PODS_ROOT}/Target Support Files/Pods-Kino/Pods-Kino-frameworks.sh\"\n";
			showEnvVarsInLog = 0;
		};
		9F28CC948F7D8F8733B95B20 /* [CP] Check Pods Manifest.lock */ = {
			isa = PBXShellScriptBuildPhase;
			buildActionMask = 2147483647;
			files = (
			);
			inputFileListPaths = (
			);
			inputPaths = (
				"${PODS_PODFILE_DIR_PATH}/Podfile.lock",
				"${PODS_ROOT}/Manifest.lock",
			);
			name = "[CP] Check Pods Manifest.lock";
			outputFileListPaths = (
			);
			outputPaths = (
				"$(DERIVED_FILE_DIR)/Pods-Kino-checkManifestLockResult.txt",
			);
			runOnlyForDeploymentPostprocessing = 0;
			shellPath = /bin/sh;
			shellScript = "diff \"${PODS_PODFILE_DIR_PATH}/Podfile.lock\" \"${PODS_ROOT}/Manifest.lock\" > /dev/null\nif [ $? != 0 ] ; then\n    # print error to STDERR\n    echo \"error: The sandbox is not in sync with the Podfile.lock. Run 'pod install' or update your CocoaPods installation.\" >&2\n    exit 1\nfi\n# This output is used by Xcode 'outputs' to avoid re-running this script phase.\necho \"SUCCESS\" > \"${SCRIPT_OUTPUT_FILE_0}\"\n";
			showEnvVarsInLog = 0;
		};
/* End PBXShellScriptBuildPhase section */

/* Begin PBXSourcesBuildPhase section */
		49099EBD245C209900D7DCD5 /* Sources */ = {
			isa = PBXSourcesBuildPhase;
			buildActionMask = 2147483647;
			files = (
				4999CA3F24685F6900D92088 /* UITableViewExtensions.swift in Sources */,
				498C5CE12465BCCB00E2AF1D /* CategoryCell.swift in Sources */,
				49B541ED245DB0880038F616 /* MovieExtension.swift in Sources */,
				49829F62246810900055521F /* MovieDetailsScenePresenter.swift in Sources */,
				49829F6E246810B80055521F /* CategoryDetailsSceneViewModel.swift in Sources */,
				49099EF7245C4F9400D7DCD5 /* HomeSceneInteractor.swift in Sources */,
				494C69D924708AEC0016F06C /* MovieDetailOverviewCell.swift in Sources */,
				49099F00245C4FA800D7DCD5 /* WatchListSceneViewModel.swift in Sources */,
				49099EF6245C4F9400D7DCD5 /* HomeSceneViewController.swift in Sources */,
				4978E920245F116000CEDA46 /* KinoInteractorLoadingQueue.swift in Sources */,
				49099EF5245C4F9400D7DCD5 /* HomeScenePresenter.swift in Sources */,
				49099EEE245C4F0300D7DCD5 /* KinoTabbarViewController.swift in Sources */,
				49B541F3245DC2890038F616 /* SectionHeaderReusableView.swift in Sources */,
				49099EC5245C209900D7DCD5 /* AppDelegate.swift in Sources */,
				49099EFF245C4FA800D7DCD5 /* WatchListSceneInteractor.swift in Sources */,
				49829F6D246810B80055521F /* CategoryDetailsSceneInteractor.swift in Sources */,
				49829F6B246810B80055521F /* CategoryDetailsScenePresenter.swift in Sources */,
				49099F18245C55AB00D7DCD5 /* Manager.swift in Sources */,
				49099F1C245C58B500D7DCD5 /* URLSessionExtension.swift in Sources */,
				49099F16245C556F00D7DCD5 /* KinoAPI.swift in Sources */,
				49099F26245C81F500D7DCD5 /* MovieCell.swift in Sources */,
				49099F21245C63C600D7DCD5 /* MoviesInfo.swift in Sources */,
				4999CA3D24685F1700D92088 /* MovieCategoryCell.swift in Sources */,
				49099EFD245C4FA800D7DCD5 /* WatchListScenePresenter.swift in Sources */,
				498C5CDF2465AE3200E2AF1D /* MoviesCategory.swift in Sources */,
				494C69D724708A950016F06C /* MovieDetailBasicInfoCell.swift in Sources */,
				49829F63246810900055521F /* MovieDetailsSceneViewController.swift in Sources */,
				49099EFE245C4FA800D7DCD5 /* WatchListSceneViewController.swift in Sources */,
				49829F64246810900055521F /* MovieDetailsSceneInteractor.swift in Sources */,
				49B541EF245DBB170038F616 /* UICollectionViewExtensions.swift in Sources */,
				49829F6C246810B80055521F /* CategoryDetailsSceneViewController.swift in Sources */,
				49829F65246810900055521F /* MovieDetailsSceneViewModel.swift in Sources */,
				49DDB98A246761820006DB4D /* CodableExtensions.swift in Sources */,
				49099EF8245C4F9400D7DCD5 /* HomeSceneViewModel.swift in Sources */,
				4980A2CB248CF32C00A8B004 /* FavoriteMovieCell.swift in Sources */,
				49DDB98C2467619F0006DB4D /* StringExtensions.swift in Sources */,
				49647883245CD32F0013C0B6 /* CustomImageView.swift in Sources */,
				49099ECF245C209900D7DCD5 /* Kino.xcdatamodeld in Sources */,
				49FC7950248BE4DD00C033D7 /* DataManager.swift in Sources */,
				494C69D524708A020016F06C /* MovieDetailImageCell.swift in Sources */,
			);
			runOnlyForDeploymentPostprocessing = 0;
		};
		49099ED6245C209C00D7DCD5 /* Sources */ = {
			isa = PBXSourcesBuildPhase;
			buildActionMask = 2147483647;
			files = (
				49099F12245C520D00D7DCD5 /* WatchListScenePresenterSpy.swift in Sources */,
				49099F07245C51CF00D7DCD5 /* HomeSceneInteractorTests.swift in Sources */,
				49099F0A245C51CF00D7DCD5 /* HomeScenePresenterTests.swift in Sources */,
				49099F13245C520D00D7DCD5 /* WatchListScenePresenterTests.swift in Sources */,
				49DDB988246706560006DB4D /* MovieHelper.swift in Sources */,
				49099F09245C51CF00D7DCD5 /* HomeScenePresenterSpy.swift in Sources */,
				49099F10245C520D00D7DCD5 /* WatchListSceneInteractorTests.swift in Sources */,
				49099F08245C51CF00D7DCD5 /* HomeSceneViewControllerSpy.swift in Sources */,
				49099F11245C520D00D7DCD5 /* WatchListSceneViewControllerSpy.swift in Sources */,
				49099EDF245C209C00D7DCD5 /* KinoTests.swift in Sources */,
			);
			runOnlyForDeploymentPostprocessing = 0;
		};
		49B72A4D247941CA0062D109 /* Sources */ = {
			isa = PBXSourcesBuildPhase;
			buildActionMask = 2147483647;
			files = (
				49FC7961248BFBA800C033D7 /* UITableViewExtensions.swift in Sources */,
				49FC7954248BFB6800C033D7 /* AppDelegate.swift in Sources */,
				490C54D5247AEDD3004A5826 /* UICollectionViewExtensions.swift in Sources */,
				49FC7959248BFB8500C033D7 /* MovieCell.swift in Sources */,
				49FC795F248BFB9F00C033D7 /* CategoryDetailsScenePresenter.swift in Sources */,
				49FC795A248BFB8A00C033D7 /* CategoryCell.swift in Sources */,
				490C54D2247AEDAD004A5826 /* MovieDetailImageCell.swift in Sources */,
				49A03EBE2479D6A700EA2623 /* MovieExtension.swift in Sources */,
				490C54CE247AED4C004A5826 /* MovieDetailsSceneViewController.swift in Sources */,
				49FC795B248BFB8E00C033D7 /* SectionHeaderReusableView.swift in Sources */,
				49A03EB82479D25200EA2623 /* TodaySceneViewController.swift in Sources */,
				49FC7956248BFB7300C033D7 /* HomeSceneViewModel.swift in Sources */,
				49A03EAB2479868A00EA2623 /* StringExtensions.swift in Sources */,
				490C54D4247AEDB6004A5826 /* MovieDetailOverviewCell.swift in Sources */,
				49A03EBA2479D25200EA2623 /* TodaySceneViewModel.swift in Sources */,
				49A03EB72479D25200EA2623 /* TodayScenePresenter.swift in Sources */,
				49FC7962248BFBB000C033D7 /* KinoInteractorLoadingQueue.swift in Sources */,
				49FC795C248BFB9500C033D7 /* CategoryDetailsSceneViewController.swift in Sources */,
				49FC7952248BFB5B00C033D7 /* MovieDetailsSceneInteractor.swift in Sources */,
				49FC7953248BFB6300C033D7 /* DataManager.swift in Sources */,
				490C54D6247AEDDA004A5826 /* CustomImageView.swift in Sources */,
				490C54D3247AEDB3004A5826 /* MovieDetailBasicInfoCell.swift in Sources */,
				49FC7960248BFBA300C033D7 /* MovieCategoryCell.swift in Sources */,
				49FC7957248BFB7900C033D7 /* HomeSceneInteractor.swift in Sources */,
				49A03EAE2479870300EA2623 /* MoviesInfo.swift in Sources */,
				490C54CF247AED9E004A5826 /* MovieDetailsSceneViewModel.swift in Sources */,
				49FC7958248BFB7D00C033D7 /* HomeScenePresenter.swift in Sources */,
				49A03EBB2479D2F300EA2623 /* KinoAPI.swift in Sources */,
				49A03EBD2479D34200EA2623 /* MoviesCategory.swift in Sources */,
				49FC795D248BFB9800C033D7 /* CategoryDetailsSceneInteractor.swift in Sources */,
				49A03EAA2479867C00EA2623 /* CodableExtensions.swift in Sources */,
				49FC7955248BFB6E00C033D7 /* HomeSceneViewController.swift in Sources */,
				49FC795E248BFB9B00C033D7 /* CategoryDetailsSceneViewModel.swift in Sources */,
				49FC7963248BFC5000C033D7 /* Kino.xcdatamodeld in Sources */,
				49A03EB92479D25200EA2623 /* TodaySceneInteractor.swift in Sources */,
				490C54D1247AEDA5004A5826 /* MovieDetailsScenePresenter.swift in Sources */,
				49A03EBC2479D33500EA2623 /* URLSessionExtension.swift in Sources */,
			);
			runOnlyForDeploymentPostprocessing = 0;
		};
/* End PBXSourcesBuildPhase section */

/* Begin PBXTargetDependency section */
		49099EDC245C209C00D7DCD5 /* PBXTargetDependency */ = {
			isa = PBXTargetDependency;
			target = 49099EC0245C209900D7DCD5 /* Kino */;
			targetProxy = 49099EDB245C209C00D7DCD5 /* PBXContainerItemProxy */;
		};
		49B72A5C247941CB0062D109 /* PBXTargetDependency */ = {
			isa = PBXTargetDependency;
			target = 49B72A50247941CA0062D109 /* Kino Widget */;
			targetProxy = 49B72A5B247941CB0062D109 /* PBXContainerItemProxy */;
		};
/* End PBXTargetDependency section */

/* Begin PBXVariantGroup section */
		49099ECA245C209900D7DCD5 /* Main.storyboard */ = {
			isa = PBXVariantGroup;
			children = (
				49099ECB245C209900D7DCD5 /* Base */,
			);
			name = Main.storyboard;
			sourceTree = "<group>";
		};
		49099ED2245C209C00D7DCD5 /* LaunchScreen.storyboard */ = {
			isa = PBXVariantGroup;
			children = (
				49099ED3245C209C00D7DCD5 /* Base */,
			);
			name = LaunchScreen.storyboard;
			sourceTree = "<group>";
		};
		49B72A57247941CB0062D109 /* MainInterface.storyboard */ = {
			isa = PBXVariantGroup;
			children = (
				49B72A58247941CB0062D109 /* Base */,
			);
			name = MainInterface.storyboard;
			sourceTree = "<group>";
		};
/* End PBXVariantGroup section */

/* Begin XCBuildConfiguration section */
		49099EE1245C209C00D7DCD5 /* Debug */ = {
			isa = XCBuildConfiguration;
			buildSettings = {
				ALWAYS_SEARCH_USER_PATHS = NO;
				CLANG_ANALYZER_NONNULL = YES;
				CLANG_ANALYZER_NUMBER_OBJECT_CONVERSION = YES_AGGRESSIVE;
				CLANG_CXX_LANGUAGE_STANDARD = "gnu++14";
				CLANG_CXX_LIBRARY = "libc++";
				CLANG_ENABLE_MODULES = YES;
				CLANG_ENABLE_OBJC_ARC = YES;
				CLANG_ENABLE_OBJC_WEAK = YES;
				CLANG_WARN_BLOCK_CAPTURE_AUTORELEASING = YES;
				CLANG_WARN_BOOL_CONVERSION = YES;
				CLANG_WARN_COMMA = YES;
				CLANG_WARN_CONSTANT_CONVERSION = YES;
				CLANG_WARN_DEPRECATED_OBJC_IMPLEMENTATIONS = YES;
				CLANG_WARN_DIRECT_OBJC_ISA_USAGE = YES_ERROR;
				CLANG_WARN_DOCUMENTATION_COMMENTS = YES;
				CLANG_WARN_EMPTY_BODY = YES;
				CLANG_WARN_ENUM_CONVERSION = YES;
				CLANG_WARN_INFINITE_RECURSION = YES;
				CLANG_WARN_INT_CONVERSION = YES;
				CLANG_WARN_NON_LITERAL_NULL_CONVERSION = YES;
				CLANG_WARN_OBJC_IMPLICIT_RETAIN_SELF = YES;
				CLANG_WARN_OBJC_LITERAL_CONVERSION = YES;
				CLANG_WARN_OBJC_ROOT_CLASS = YES_ERROR;
				CLANG_WARN_RANGE_LOOP_ANALYSIS = YES;
				CLANG_WARN_STRICT_PROTOTYPES = YES;
				CLANG_WARN_SUSPICIOUS_MOVE = YES;
				CLANG_WARN_UNGUARDED_AVAILABILITY = YES_AGGRESSIVE;
				CLANG_WARN_UNREACHABLE_CODE = YES;
				CLANG_WARN__DUPLICATE_METHOD_MATCH = YES;
				COPY_PHASE_STRIP = NO;
				DEBUG_INFORMATION_FORMAT = dwarf;
				ENABLE_STRICT_OBJC_MSGSEND = YES;
				ENABLE_TESTABILITY = YES;
				GCC_C_LANGUAGE_STANDARD = gnu11;
				GCC_DYNAMIC_NO_PIC = NO;
				GCC_NO_COMMON_BLOCKS = YES;
				GCC_OPTIMIZATION_LEVEL = 0;
				GCC_PREPROCESSOR_DEFINITIONS = (
					"DEBUG=1",
					"$(inherited)",
				);
				GCC_WARN_64_TO_32_BIT_CONVERSION = YES;
				GCC_WARN_ABOUT_RETURN_TYPE = YES_ERROR;
				GCC_WARN_UNDECLARED_SELECTOR = YES;
				GCC_WARN_UNINITIALIZED_AUTOS = YES_AGGRESSIVE;
				GCC_WARN_UNUSED_FUNCTION = YES;
				GCC_WARN_UNUSED_VARIABLE = YES;
				IPHONEOS_DEPLOYMENT_TARGET = 13.0;
				MTL_ENABLE_DEBUG_INFO = INCLUDE_SOURCE;
				MTL_FAST_MATH = YES;
				ONLY_ACTIVE_ARCH = YES;
				SDKROOT = iphoneos;
				SWIFT_ACTIVE_COMPILATION_CONDITIONS = DEBUG;
				SWIFT_OPTIMIZATION_LEVEL = "-Onone";
			};
			name = Debug;
		};
		49099EE2245C209C00D7DCD5 /* Release */ = {
			isa = XCBuildConfiguration;
			buildSettings = {
				ALWAYS_SEARCH_USER_PATHS = NO;
				CLANG_ANALYZER_NONNULL = YES;
				CLANG_ANALYZER_NUMBER_OBJECT_CONVERSION = YES_AGGRESSIVE;
				CLANG_CXX_LANGUAGE_STANDARD = "gnu++14";
				CLANG_CXX_LIBRARY = "libc++";
				CLANG_ENABLE_MODULES = YES;
				CLANG_ENABLE_OBJC_ARC = YES;
				CLANG_ENABLE_OBJC_WEAK = YES;
				CLANG_WARN_BLOCK_CAPTURE_AUTORELEASING = YES;
				CLANG_WARN_BOOL_CONVERSION = YES;
				CLANG_WARN_COMMA = YES;
				CLANG_WARN_CONSTANT_CONVERSION = YES;
				CLANG_WARN_DEPRECATED_OBJC_IMPLEMENTATIONS = YES;
				CLANG_WARN_DIRECT_OBJC_ISA_USAGE = YES_ERROR;
				CLANG_WARN_DOCUMENTATION_COMMENTS = YES;
				CLANG_WARN_EMPTY_BODY = YES;
				CLANG_WARN_ENUM_CONVERSION = YES;
				CLANG_WARN_INFINITE_RECURSION = YES;
				CLANG_WARN_INT_CONVERSION = YES;
				CLANG_WARN_NON_LITERAL_NULL_CONVERSION = YES;
				CLANG_WARN_OBJC_IMPLICIT_RETAIN_SELF = YES;
				CLANG_WARN_OBJC_LITERAL_CONVERSION = YES;
				CLANG_WARN_OBJC_ROOT_CLASS = YES_ERROR;
				CLANG_WARN_RANGE_LOOP_ANALYSIS = YES;
				CLANG_WARN_STRICT_PROTOTYPES = YES;
				CLANG_WARN_SUSPICIOUS_MOVE = YES;
				CLANG_WARN_UNGUARDED_AVAILABILITY = YES_AGGRESSIVE;
				CLANG_WARN_UNREACHABLE_CODE = YES;
				CLANG_WARN__DUPLICATE_METHOD_MATCH = YES;
				COPY_PHASE_STRIP = NO;
				DEBUG_INFORMATION_FORMAT = "dwarf-with-dsym";
				ENABLE_NS_ASSERTIONS = NO;
				ENABLE_STRICT_OBJC_MSGSEND = YES;
				GCC_C_LANGUAGE_STANDARD = gnu11;
				GCC_NO_COMMON_BLOCKS = YES;
				GCC_WARN_64_TO_32_BIT_CONVERSION = YES;
				GCC_WARN_ABOUT_RETURN_TYPE = YES_ERROR;
				GCC_WARN_UNDECLARED_SELECTOR = YES;
				GCC_WARN_UNINITIALIZED_AUTOS = YES_AGGRESSIVE;
				GCC_WARN_UNUSED_FUNCTION = YES;
				GCC_WARN_UNUSED_VARIABLE = YES;
				IPHONEOS_DEPLOYMENT_TARGET = 13.0;
				MTL_ENABLE_DEBUG_INFO = NO;
				MTL_FAST_MATH = YES;
				SDKROOT = iphoneos;
				SWIFT_COMPILATION_MODE = wholemodule;
				SWIFT_OPTIMIZATION_LEVEL = "-O";
				VALIDATE_PRODUCT = YES;
			};
			name = Release;
		};
		49099EE4245C209C00D7DCD5 /* Debug */ = {
			isa = XCBuildConfiguration;
			baseConfigurationReference = AD76363C1B90C3853C539B70 /* Pods-Kino.debug.xcconfig */;
			buildSettings = {
				ALWAYS_EMBED_SWIFT_STANDARD_LIBRARIES = YES;
				ASSETCATALOG_COMPILER_APPICON_NAME = AppIcon;
				CODE_SIGN_STYLE = Automatic;
				DEVELOPMENT_TEAM = ND9HCAXN4F;
				INFOPLIST_FILE = Kino/Info.plist;
				LD_RUNPATH_SEARCH_PATHS = (
					"$(inherited)",
					"@executable_path/Frameworks",
				);
				PRODUCT_BUNDLE_IDENTIFIER = com.matt.Kino;
				PRODUCT_NAME = "$(TARGET_NAME)";
				SWIFT_VERSION = 5.0;
				TARGETED_DEVICE_FAMILY = "1,2";
			};
			name = Debug;
		};
		49099EE5245C209C00D7DCD5 /* Release */ = {
			isa = XCBuildConfiguration;
			baseConfigurationReference = A60A70B706C25393C7595C72 /* Pods-Kino.release.xcconfig */;
			buildSettings = {
				ALWAYS_EMBED_SWIFT_STANDARD_LIBRARIES = YES;
				ASSETCATALOG_COMPILER_APPICON_NAME = AppIcon;
				CODE_SIGN_STYLE = Automatic;
				DEVELOPMENT_TEAM = ND9HCAXN4F;
				INFOPLIST_FILE = Kino/Info.plist;
				LD_RUNPATH_SEARCH_PATHS = (
					"$(inherited)",
					"@executable_path/Frameworks",
				);
				PRODUCT_BUNDLE_IDENTIFIER = com.matt.Kino;
				PRODUCT_NAME = "$(TARGET_NAME)";
				SWIFT_VERSION = 5.0;
				TARGETED_DEVICE_FAMILY = "1,2";
			};
			name = Release;
		};
		49099EE7245C209C00D7DCD5 /* Debug */ = {
			isa = XCBuildConfiguration;
			baseConfigurationReference = 7EA2CB0BE102C3B247A27A6C /* Pods-KinoTests.debug.xcconfig */;
			buildSettings = {
				ALWAYS_EMBED_SWIFT_STANDARD_LIBRARIES = YES;
				BUNDLE_LOADER = "$(TEST_HOST)";
				CODE_SIGN_STYLE = Automatic;
				DEVELOPMENT_TEAM = ND9HCAXN4F;
				INFOPLIST_FILE = KinoTests/Info.plist;
				IPHONEOS_DEPLOYMENT_TARGET = 13.4;
				LD_RUNPATH_SEARCH_PATHS = (
					"$(inherited)",
					"@executable_path/Frameworks",
					"@loader_path/Frameworks",
				);
				PRODUCT_BUNDLE_IDENTIFIER = com.matt.KinoTests;
				PRODUCT_NAME = "$(TARGET_NAME)";
				SWIFT_VERSION = 5.0;
				TARGETED_DEVICE_FAMILY = "1,2";
				TEST_HOST = "$(BUILT_PRODUCTS_DIR)/Kino.app/Kino";
			};
			name = Debug;
		};
		49099EE8245C209C00D7DCD5 /* Release */ = {
			isa = XCBuildConfiguration;
			baseConfigurationReference = A2E3D5F7F0BD547794965B0E /* Pods-KinoTests.release.xcconfig */;
			buildSettings = {
				ALWAYS_EMBED_SWIFT_STANDARD_LIBRARIES = YES;
				BUNDLE_LOADER = "$(TEST_HOST)";
				CODE_SIGN_STYLE = Automatic;
				DEVELOPMENT_TEAM = ND9HCAXN4F;
				INFOPLIST_FILE = KinoTests/Info.plist;
				IPHONEOS_DEPLOYMENT_TARGET = 13.4;
				LD_RUNPATH_SEARCH_PATHS = (
					"$(inherited)",
					"@executable_path/Frameworks",
					"@loader_path/Frameworks",
				);
				PRODUCT_BUNDLE_IDENTIFIER = com.matt.KinoTests;
				PRODUCT_NAME = "$(TARGET_NAME)";
				SWIFT_VERSION = 5.0;
				TARGETED_DEVICE_FAMILY = "1,2";
				TEST_HOST = "$(BUILT_PRODUCTS_DIR)/Kino.app/Kino";
			};
			name = Release;
		};
		49B72A5F247941CB0062D109 /* Debug */ = {
			isa = XCBuildConfiguration;
			buildSettings = {
				APPLICATION_EXTENSION_API_ONLY = NO;
				CODE_SIGN_STYLE = Automatic;
				DEVELOPMENT_TEAM = ND9HCAXN4F;
				INFOPLIST_FILE = "Kino Widget/Info.plist";
				IPHONEOS_DEPLOYMENT_TARGET = 13.0;
				LD_RUNPATH_SEARCH_PATHS = (
					"$(inherited)",
					"@executable_path/Frameworks",
					"@executable_path/../../Frameworks",
				);
				PRODUCT_BUNDLE_IDENTIFIER = "com.matt.Kino.Kino-Widget";
				PRODUCT_NAME = "$(TARGET_NAME)";
				SKIP_INSTALL = YES;
				SWIFT_VERSION = 5.0;
				TARGETED_DEVICE_FAMILY = "1,2";
			};
			name = Debug;
		};
		49B72A60247941CB0062D109 /* Release */ = {
			isa = XCBuildConfiguration;
			buildSettings = {
				APPLICATION_EXTENSION_API_ONLY = NO;
				CODE_SIGN_STYLE = Automatic;
				DEVELOPMENT_TEAM = ND9HCAXN4F;
				INFOPLIST_FILE = "Kino Widget/Info.plist";
				IPHONEOS_DEPLOYMENT_TARGET = 13.0;
				LD_RUNPATH_SEARCH_PATHS = (
					"$(inherited)",
					"@executable_path/Frameworks",
					"@executable_path/../../Frameworks",
				);
				PRODUCT_BUNDLE_IDENTIFIER = "com.matt.Kino.Kino-Widget";
				PRODUCT_NAME = "$(TARGET_NAME)";
				SKIP_INSTALL = YES;
				SWIFT_VERSION = 5.0;
				TARGETED_DEVICE_FAMILY = "1,2";
			};
			name = Release;
		};
/* End XCBuildConfiguration section */

/* Begin XCConfigurationList section */
		49099EBC245C209900D7DCD5 /* Build configuration list for PBXProject "Kino" */ = {
			isa = XCConfigurationList;
			buildConfigurations = (
				49099EE1245C209C00D7DCD5 /* Debug */,
				49099EE2245C209C00D7DCD5 /* Release */,
			);
			defaultConfigurationIsVisible = 0;
			defaultConfigurationName = Release;
		};
		49099EE3245C209C00D7DCD5 /* Build configuration list for PBXNativeTarget "Kino" */ = {
			isa = XCConfigurationList;
			buildConfigurations = (
				49099EE4245C209C00D7DCD5 /* Debug */,
				49099EE5245C209C00D7DCD5 /* Release */,
			);
			defaultConfigurationIsVisible = 0;
			defaultConfigurationName = Release;
		};
		49099EE6245C209C00D7DCD5 /* Build configuration list for PBXNativeTarget "KinoTests" */ = {
			isa = XCConfigurationList;
			buildConfigurations = (
				49099EE7245C209C00D7DCD5 /* Debug */,
				49099EE8245C209C00D7DCD5 /* Release */,
			);
			defaultConfigurationIsVisible = 0;
			defaultConfigurationName = Release;
		};
		49B72A61247941CB0062D109 /* Build configuration list for PBXNativeTarget "Kino Widget" */ = {
			isa = XCConfigurationList;
			buildConfigurations = (
				49B72A5F247941CB0062D109 /* Debug */,
				49B72A60247941CB0062D109 /* Release */,
			);
			defaultConfigurationIsVisible = 0;
			defaultConfigurationName = Release;
		};
/* End XCConfigurationList section */

/* Begin XCRemoteSwiftPackageReference section */
		49B72A6724794A0E0062D109 /* XCRemoteSwiftPackageReference "lottie-ios" */ = {
			isa = XCRemoteSwiftPackageReference;
			repositoryURL = "https://github.com/airbnb/lottie-ios.git";
			requirement = {
				kind = upToNextMajorVersion;
				minimumVersion = 3.1.8;
			};
		};
/* End XCRemoteSwiftPackageReference section */

/* Begin XCSwiftPackageProductDependency section */
		490C54D7247AEF0C004A5826 /* Lottie */ = {
			isa = XCSwiftPackageProductDependency;
			package = 49B72A6724794A0E0062D109 /* XCRemoteSwiftPackageReference "lottie-ios" */;
			productName = Lottie;
		};
		49B72A6824794A0E0062D109 /* Lottie */ = {
			isa = XCSwiftPackageProductDependency;
			package = 49B72A6724794A0E0062D109 /* XCRemoteSwiftPackageReference "lottie-ios" */;
			productName = Lottie;
		};
/* End XCSwiftPackageProductDependency section */

/* Begin XCVersionGroup section */
		49099ECD245C209900D7DCD5 /* Kino.xcdatamodeld */ = {
			isa = XCVersionGroup;
			children = (
				49099ECE245C209900D7DCD5 /* Kino.xcdatamodel */,
			);
			currentVersion = 49099ECE245C209900D7DCD5 /* Kino.xcdatamodel */;
			path = Kino.xcdatamodeld;
			sourceTree = "<group>";
			versionGroupType = wrapper.xcdatamodel;
		};
/* End XCVersionGroup section */
	};
	rootObject = 49099EB9245C209900D7DCD5 /* Project object */;
}
