// !$*UTF8*$!
{
	archiveVersion = 1;
	classes = {
	};
	objectVersion = 52;
	objects = {

/* Begin PBXBuildFile section */
		281419B7D820331D6FD4CA71 /* Pods_KinoTests.framework in Frameworks */ = {isa = PBXBuildFile; fileRef = 3AF53134D766DD6D5417BF61 /* Pods_KinoTests.framework */; };
		489B46C063E3E0932E68B4D0 /* Pods_Kino.framework in Frameworks */ = {isa = PBXBuildFile; fileRef = 9578DC45C2A0D08D0864F90D /* Pods_Kino.framework */; };
		49099EC5245C209900D7DCD5 /* AppDelegate.swift in Sources */ = {isa = PBXBuildFile; fileRef = 49099EC4245C209900D7DCD5 /* AppDelegate.swift */; };
		49099ECC245C209900D7DCD5 /* Main.storyboard in Resources */ = {isa = PBXBuildFile; fileRef = 49099ECA245C209900D7DCD5 /* Main.storyboard */; };
		49099ECF245C209900D7DCD5 /* Kino.xcdatamodeld in Sources */ = {isa = PBXBuildFile; fileRef = 49099ECD245C209900D7DCD5 /* Kino.xcdatamodeld */; };
		49099ED1245C209C00D7DCD5 /* Assets.xcassets in Resources */ = {isa = PBXBuildFile; fileRef = 49099ED0245C209C00D7DCD5 /* Assets.xcassets */; };
		49099ED4245C209C00D7DCD5 /* LaunchScreen.storyboard in Resources */ = {isa = PBXBuildFile; fileRef = 49099ED2245C209C00D7DCD5 /* LaunchScreen.storyboard */; };
		49099EDF245C209C00D7DCD5 /* KinoTests.swift in Sources */ = {isa = PBXBuildFile; fileRef = 49099EDE245C209C00D7DCD5 /* KinoTests.swift */; };
		49099EEE245C4F0300D7DCD5 /* KinoTabbarViewController.swift in Sources */ = {isa = PBXBuildFile; fileRef = 49099EED245C4F0300D7DCD5 /* KinoTabbarViewController.swift */; };
		49099EF5245C4F9400D7DCD5 /* HomeScenePresenter.swift in Sources */ = {isa = PBXBuildFile; fileRef = 49099EF1245C4F9400D7DCD5 /* HomeScenePresenter.swift */; };
		49099EF6245C4F9400D7DCD5 /* HomeSceneViewController.swift in Sources */ = {isa = PBXBuildFile; fileRef = 49099EF2245C4F9400D7DCD5 /* HomeSceneViewController.swift */; };
		49099EF7245C4F9400D7DCD5 /* HomeSceneInteractor.swift in Sources */ = {isa = PBXBuildFile; fileRef = 49099EF3245C4F9400D7DCD5 /* HomeSceneInteractor.swift */; };
		49099EF8245C4F9400D7DCD5 /* HomeSceneViewModel.swift in Sources */ = {isa = PBXBuildFile; fileRef = 49099EF4245C4F9400D7DCD5 /* HomeSceneViewModel.swift */; };
		49099EFD245C4FA800D7DCD5 /* WatchListScenePresenter.swift in Sources */ = {isa = PBXBuildFile; fileRef = 49099EF9245C4FA800D7DCD5 /* WatchListScenePresenter.swift */; };
		49099EFE245C4FA800D7DCD5 /* WatchListSceneViewController.swift in Sources */ = {isa = PBXBuildFile; fileRef = 49099EFA245C4FA800D7DCD5 /* WatchListSceneViewController.swift */; };
		49099EFF245C4FA800D7DCD5 /* WatchListSceneInteractor.swift in Sources */ = {isa = PBXBuildFile; fileRef = 49099EFB245C4FA800D7DCD5 /* WatchListSceneInteractor.swift */; };
		49099F00245C4FA800D7DCD5 /* WatchListSceneViewModel.swift in Sources */ = {isa = PBXBuildFile; fileRef = 49099EFC245C4FA800D7DCD5 /* WatchListSceneViewModel.swift */; };
		49099F07245C51CF00D7DCD5 /* HomeSceneInteractorTests.swift in Sources */ = {isa = PBXBuildFile; fileRef = 49099F03245C51CF00D7DCD5 /* HomeSceneInteractorTests.swift */; };
		49099F08245C51CF00D7DCD5 /* HomeSceneViewControllerSpy.swift in Sources */ = {isa = PBXBuildFile; fileRef = 49099F04245C51CF00D7DCD5 /* HomeSceneViewControllerSpy.swift */; };
		49099F09245C51CF00D7DCD5 /* HomeScenePresenterSpy.swift in Sources */ = {isa = PBXBuildFile; fileRef = 49099F05245C51CF00D7DCD5 /* HomeScenePresenterSpy.swift */; };
		49099F0A245C51CF00D7DCD5 /* HomeScenePresenterTests.swift in Sources */ = {isa = PBXBuildFile; fileRef = 49099F06245C51CF00D7DCD5 /* HomeScenePresenterTests.swift */; };
		49099F10245C520D00D7DCD5 /* WatchListSceneInteractorTests.swift in Sources */ = {isa = PBXBuildFile; fileRef = 49099F0C245C520D00D7DCD5 /* WatchListSceneInteractorTests.swift */; };
		49099F11245C520D00D7DCD5 /* WatchListSceneViewControllerSpy.swift in Sources */ = {isa = PBXBuildFile; fileRef = 49099F0D245C520D00D7DCD5 /* WatchListSceneViewControllerSpy.swift */; };
		49099F12245C520D00D7DCD5 /* WatchListScenePresenterSpy.swift in Sources */ = {isa = PBXBuildFile; fileRef = 49099F0E245C520D00D7DCD5 /* WatchListScenePresenterSpy.swift */; };
		49099F13245C520D00D7DCD5 /* WatchListScenePresenterTests.swift in Sources */ = {isa = PBXBuildFile; fileRef = 49099F0F245C520D00D7DCD5 /* WatchListScenePresenterTests.swift */; };
		49099F16245C556F00D7DCD5 /* KinoAPI.swift in Sources */ = {isa = PBXBuildFile; fileRef = 49099F15245C556F00D7DCD5 /* KinoAPI.swift */; };
		49099F18245C55AB00D7DCD5 /* Manager.swift in Sources */ = {isa = PBXBuildFile; fileRef = 49099F17245C55AB00D7DCD5 /* Manager.swift */; };
		49099F1C245C58B500D7DCD5 /* URLSessionExtension.swift in Sources */ = {isa = PBXBuildFile; fileRef = 49099F1B245C58B500D7DCD5 /* URLSessionExtension.swift */; };
		49099F21245C63C600D7DCD5 /* MoviesInfo.swift in Sources */ = {isa = PBXBuildFile; fileRef = 49099F20245C63C600D7DCD5 /* MoviesInfo.swift */; };
		49099F26245C81F500D7DCD5 /* MovieCell.swift in Sources */ = {isa = PBXBuildFile; fileRef = 49099F25245C81F500D7DCD5 /* MovieCell.swift */; };
		49647883245CD32F0013C0B6 /* CustomImageView.swift in Sources */ = {isa = PBXBuildFile; fileRef = 49647882245CD32F0013C0B6 /* CustomImageView.swift */; };
		49647885245CD39C0013C0B6 /* skeleton-loading.json in Resources */ = {isa = PBXBuildFile; fileRef = 49647884245CD39C0013C0B6 /* skeleton-loading.json */; };
		49B541EB245D6F090038F616 /* Lottie in Frameworks */ = {isa = PBXBuildFile; productRef = 49B541EA245D6F090038F616 /* Lottie */; };
		49B541ED245DB0880038F616 /* MovieExtension.swift in Sources */ = {isa = PBXBuildFile; fileRef = 49B541EC245DB0880038F616 /* MovieExtension.swift */; };
		49B541EF245DBB170038F616 /* UICollectionViewExtensions.swift in Sources */ = {isa = PBXBuildFile; fileRef = 49B541EE245DBB170038F616 /* UICollectionViewExtensions.swift */; };
		49B541F1245DC0D30038F616 /* MovieCell.xib in Resources */ = {isa = PBXBuildFile; fileRef = 49B541F0245DC0D30038F616 /* MovieCell.xib */; };
		49B541F3245DC2890038F616 /* SectionHeaderReusableView.swift in Sources */ = {isa = PBXBuildFile; fileRef = 49B541F2245DC2890038F616 /* SectionHeaderReusableView.swift */; };
		49B541F5245DC2AE0038F616 /* SectionHeaderReusableView.xib in Resources */ = {isa = PBXBuildFile; fileRef = 49B541F4245DC2AE0038F616 /* SectionHeaderReusableView.xib */; };
/* End PBXBuildFile section */

/* Begin PBXContainerItemProxy section */
		49099EDB245C209C00D7DCD5 /* PBXContainerItemProxy */ = {
			isa = PBXContainerItemProxy;
			containerPortal = 49099EB9245C209900D7DCD5 /* Project object */;
			proxyType = 1;
			remoteGlobalIDString = 49099EC0245C209900D7DCD5;
			remoteInfo = Kino;
		};
/* End PBXContainerItemProxy section */

/* Begin PBXFileReference section */
		3AF53134D766DD6D5417BF61 /* Pods_KinoTests.framework */ = {isa = PBXFileReference; explicitFileType = wrapper.framework; includeInIndex = 0; path = Pods_KinoTests.framework; sourceTree = BUILT_PRODUCTS_DIR; };
		49099EC1245C209900D7DCD5 /* Kino.app */ = {isa = PBXFileReference; explicitFileType = wrapper.application; includeInIndex = 0; path = Kino.app; sourceTree = BUILT_PRODUCTS_DIR; };
		49099EC4245C209900D7DCD5 /* AppDelegate.swift */ = {isa = PBXFileReference; lastKnownFileType = sourcecode.swift; path = AppDelegate.swift; sourceTree = "<group>"; };
		49099ECB245C209900D7DCD5 /* Base */ = {isa = PBXFileReference; lastKnownFileType = file.storyboard; name = Base; path = Base.lproj/Main.storyboard; sourceTree = "<group>"; };
		49099ECE245C209900D7DCD5 /* Kino.xcdatamodel */ = {isa = PBXFileReference; lastKnownFileType = wrapper.xcdatamodel; path = Kino.xcdatamodel; sourceTree = "<group>"; };
		49099ED0245C209C00D7DCD5 /* Assets.xcassets */ = {isa = PBXFileReference; lastKnownFileType = folder.assetcatalog; path = Assets.xcassets; sourceTree = "<group>"; };
		49099ED3245C209C00D7DCD5 /* Base */ = {isa = PBXFileReference; lastKnownFileType = file.storyboard; name = Base; path = Base.lproj/LaunchScreen.storyboard; sourceTree = "<group>"; };
		49099ED5245C209C00D7DCD5 /* Info.plist */ = {isa = PBXFileReference; lastKnownFileType = text.plist.xml; path = Info.plist; sourceTree = "<group>"; };
		49099EDA245C209C00D7DCD5 /* KinoTests.xctest */ = {isa = PBXFileReference; explicitFileType = wrapper.cfbundle; includeInIndex = 0; path = KinoTests.xctest; sourceTree = BUILT_PRODUCTS_DIR; };
		49099EDE245C209C00D7DCD5 /* KinoTests.swift */ = {isa = PBXFileReference; lastKnownFileType = sourcecode.swift; path = KinoTests.swift; sourceTree = "<group>"; };
		49099EE0245C209C00D7DCD5 /* Info.plist */ = {isa = PBXFileReference; lastKnownFileType = text.plist.xml; path = Info.plist; sourceTree = "<group>"; };
		49099EED245C4F0300D7DCD5 /* KinoTabbarViewController.swift */ = {isa = PBXFileReference; lastKnownFileType = sourcecode.swift; path = KinoTabbarViewController.swift; sourceTree = "<group>"; };
		49099EF1245C4F9400D7DCD5 /* HomeScenePresenter.swift */ = {isa = PBXFileReference; lastKnownFileType = sourcecode.swift; path = HomeScenePresenter.swift; sourceTree = "<group>"; };
		49099EF2245C4F9400D7DCD5 /* HomeSceneViewController.swift */ = {isa = PBXFileReference; lastKnownFileType = sourcecode.swift; path = HomeSceneViewController.swift; sourceTree = "<group>"; };
		49099EF3245C4F9400D7DCD5 /* HomeSceneInteractor.swift */ = {isa = PBXFileReference; lastKnownFileType = sourcecode.swift; path = HomeSceneInteractor.swift; sourceTree = "<group>"; };
		49099EF4245C4F9400D7DCD5 /* HomeSceneViewModel.swift */ = {isa = PBXFileReference; lastKnownFileType = sourcecode.swift; path = HomeSceneViewModel.swift; sourceTree = "<group>"; };
		49099EF9245C4FA800D7DCD5 /* WatchListScenePresenter.swift */ = {isa = PBXFileReference; lastKnownFileType = sourcecode.swift; path = WatchListScenePresenter.swift; sourceTree = "<group>"; };
		49099EFA245C4FA800D7DCD5 /* WatchListSceneViewController.swift */ = {isa = PBXFileReference; lastKnownFileType = sourcecode.swift; path = WatchListSceneViewController.swift; sourceTree = "<group>"; };
		49099EFB245C4FA800D7DCD5 /* WatchListSceneInteractor.swift */ = {isa = PBXFileReference; lastKnownFileType = sourcecode.swift; path = WatchListSceneInteractor.swift; sourceTree = "<group>"; };
		49099EFC245C4FA800D7DCD5 /* WatchListSceneViewModel.swift */ = {isa = PBXFileReference; lastKnownFileType = sourcecode.swift; path = WatchListSceneViewModel.swift; sourceTree = "<group>"; };
		49099F03245C51CF00D7DCD5 /* HomeSceneInteractorTests.swift */ = {isa = PBXFileReference; lastKnownFileType = sourcecode.swift; path = HomeSceneInteractorTests.swift; sourceTree = "<group>"; };
		49099F04245C51CF00D7DCD5 /* HomeSceneViewControllerSpy.swift */ = {isa = PBXFileReference; lastKnownFileType = sourcecode.swift; path = HomeSceneViewControllerSpy.swift; sourceTree = "<group>"; };
		49099F05245C51CF00D7DCD5 /* HomeScenePresenterSpy.swift */ = {isa = PBXFileReference; lastKnownFileType = sourcecode.swift; path = HomeScenePresenterSpy.swift; sourceTree = "<group>"; };
		49099F06245C51CF00D7DCD5 /* HomeScenePresenterTests.swift */ = {isa = PBXFileReference; lastKnownFileType = sourcecode.swift; path = HomeScenePresenterTests.swift; sourceTree = "<group>"; };
		49099F0C245C520D00D7DCD5 /* WatchListSceneInteractorTests.swift */ = {isa = PBXFileReference; lastKnownFileType = sourcecode.swift; path = WatchListSceneInteractorTests.swift; sourceTree = "<group>"; };
		49099F0D245C520D00D7DCD5 /* WatchListSceneViewControllerSpy.swift */ = {isa = PBXFileReference; lastKnownFileType = sourcecode.swift; path = WatchListSceneViewControllerSpy.swift; sourceTree = "<group>"; };
		49099F0E245C520D00D7DCD5 /* WatchListScenePresenterSpy.swift */ = {isa = PBXFileReference; lastKnownFileType = sourcecode.swift; path = WatchListScenePresenterSpy.swift; sourceTree = "<group>"; };
		49099F0F245C520D00D7DCD5 /* WatchListScenePresenterTests.swift */ = {isa = PBXFileReference; lastKnownFileType = sourcecode.swift; path = WatchListScenePresenterTests.swift; sourceTree = "<group>"; };
		49099F15245C556F00D7DCD5 /* KinoAPI.swift */ = {isa = PBXFileReference; lastKnownFileType = sourcecode.swift; path = KinoAPI.swift; sourceTree = "<group>"; };
		49099F17245C55AB00D7DCD5 /* Manager.swift */ = {isa = PBXFileReference; lastKnownFileType = sourcecode.swift; path = Manager.swift; sourceTree = "<group>"; };
		49099F1B245C58B500D7DCD5 /* URLSessionExtension.swift */ = {isa = PBXFileReference; lastKnownFileType = sourcecode.swift; path = URLSessionExtension.swift; sourceTree = "<group>"; };
		49099F20245C63C600D7DCD5 /* MoviesInfo.swift */ = {isa = PBXFileReference; lastKnownFileType = sourcecode.swift; path = MoviesInfo.swift; sourceTree = "<group>"; };
		49099F25245C81F500D7DCD5 /* MovieCell.swift */ = {isa = PBXFileReference; lastKnownFileType = sourcecode.swift; path = MovieCell.swift; sourceTree = "<group>"; };
		49647882245CD32F0013C0B6 /* CustomImageView.swift */ = {isa = PBXFileReference; lastKnownFileType = sourcecode.swift; path = CustomImageView.swift; sourceTree = "<group>"; };
		49647884245CD39C0013C0B6 /* skeleton-loading.json */ = {isa = PBXFileReference; fileEncoding = 4; lastKnownFileType = text.json; path = "skeleton-loading.json"; sourceTree = "<group>"; };
		49B541EC245DB0880038F616 /* MovieExtension.swift */ = {isa = PBXFileReference; lastKnownFileType = sourcecode.swift; path = MovieExtension.swift; sourceTree = "<group>"; };
		49B541EE245DBB170038F616 /* UICollectionViewExtensions.swift */ = {isa = PBXFileReference; lastKnownFileType = sourcecode.swift; path = UICollectionViewExtensions.swift; sourceTree = "<group>"; };
		49B541F0245DC0D30038F616 /* MovieCell.xib */ = {isa = PBXFileReference; lastKnownFileType = file.xib; path = MovieCell.xib; sourceTree = "<group>"; };
		49B541F2245DC2890038F616 /* SectionHeaderReusableView.swift */ = {isa = PBXFileReference; lastKnownFileType = sourcecode.swift; path = SectionHeaderReusableView.swift; sourceTree = "<group>"; };
		49B541F4245DC2AE0038F616 /* SectionHeaderReusableView.xib */ = {isa = PBXFileReference; lastKnownFileType = file.xib; path = SectionHeaderReusableView.xib; sourceTree = "<group>"; };
		7EA2CB0BE102C3B247A27A6C /* Pods-KinoTests.debug.xcconfig */ = {isa = PBXFileReference; includeInIndex = 1; lastKnownFileType = text.xcconfig; name = "Pods-KinoTests.debug.xcconfig"; path = "Target Support Files/Pods-KinoTests/Pods-KinoTests.debug.xcconfig"; sourceTree = "<group>"; };
		9578DC45C2A0D08D0864F90D /* Pods_Kino.framework */ = {isa = PBXFileReference; explicitFileType = wrapper.framework; includeInIndex = 0; path = Pods_Kino.framework; sourceTree = BUILT_PRODUCTS_DIR; };
		A2E3D5F7F0BD547794965B0E /* Pods-KinoTests.release.xcconfig */ = {isa = PBXFileReference; includeInIndex = 1; lastKnownFileType = text.xcconfig; name = "Pods-KinoTests.release.xcconfig"; path = "Target Support Files/Pods-KinoTests/Pods-KinoTests.release.xcconfig"; sourceTree = "<group>"; };
		A60A70B706C25393C7595C72 /* Pods-Kino.release.xcconfig */ = {isa = PBXFileReference; includeInIndex = 1; lastKnownFileType = text.xcconfig; name = "Pods-Kino.release.xcconfig"; path = "Target Support Files/Pods-Kino/Pods-Kino.release.xcconfig"; sourceTree = "<group>"; };
		AD76363C1B90C3853C539B70 /* Pods-Kino.debug.xcconfig */ = {isa = PBXFileReference; includeInIndex = 1; lastKnownFileType = text.xcconfig; name = "Pods-Kino.debug.xcconfig"; path = "Target Support Files/Pods-Kino/Pods-Kino.debug.xcconfig"; sourceTree = "<group>"; };
/* End PBXFileReference section */

/* Begin PBXFrameworksBuildPhase section */
		49099EBE245C209900D7DCD5 /* Frameworks */ = {
			isa = PBXFrameworksBuildPhase;
			buildActionMask = 2147483647;
			files = (
				489B46C063E3E0932E68B4D0 /* Pods_Kino.framework in Frameworks */,
				49B541EB245D6F090038F616 /* Lottie in Frameworks */,
			);
			runOnlyForDeploymentPostprocessing = 0;
		};
		49099ED7245C209C00D7DCD5 /* Frameworks */ = {
			isa = PBXFrameworksBuildPhase;
			buildActionMask = 2147483647;
			files = (
				281419B7D820331D6FD4CA71 /* Pods_KinoTests.framework in Frameworks */,
			);
			runOnlyForDeploymentPostprocessing = 0;
		};
/* End PBXFrameworksBuildPhase section */

/* Begin PBXGroup section */
		49099EB8245C209900D7DCD5 = {
			isa = PBXGroup;
			children = (
				49099EC3245C209900D7DCD5 /* Kino */,
				49099EDD245C209C00D7DCD5 /* KinoTests */,
				49099EC2245C209900D7DCD5 /* Products */,
				C3F816513F71B7FD354D0DB1 /* Pods */,
				DC381F60AC96FC73A893E177 /* Frameworks */,
			);
			sourceTree = "<group>";
		};
		49099EC2245C209900D7DCD5 /* Products */ = {
			isa = PBXGroup;
			children = (
				49099EC1245C209900D7DCD5 /* Kino.app */,
				49099EDA245C209C00D7DCD5 /* KinoTests.xctest */,
			);
			name = Products;
			sourceTree = "<group>";
		};
		49099EC3245C209900D7DCD5 /* Kino */ = {
			isa = PBXGroup;
			children = (
				49099EC4245C209900D7DCD5 /* AppDelegate.swift */,
				49099ED5245C209C00D7DCD5 /* Info.plist */,
				49099EED245C4F0300D7DCD5 /* KinoTabbarViewController.swift */,
				49099ECA245C209900D7DCD5 /* Main.storyboard */,
				49099F19245C55B100D7DCD5 /* Manager */,
				49099F1D245C5C1D00D7DCD5 /* Model */,
				49099EEF245C4F6600D7DCD5 /* HomeScene */,
				49099EF0245C4F7200D7DCD5 /* WatchListScene */,
				49099F14245C54F600D7DCD5 /* Networking */,
				49099F1A245C58A500D7DCD5 /* Extensions */,
				49099F01245C4FC400D7DCD5 /* Resources */,
			);
			path = Kino;
			sourceTree = "<group>";
		};
		49099EDD245C209C00D7DCD5 /* KinoTests */ = {
			isa = PBXGroup;
			children = (
				49099F02245C51B900D7DCD5 /* HomeScene */,
				49099F0B245C51E300D7DCD5 /* WatchListScene */,
				49099EDE245C209C00D7DCD5 /* KinoTests.swift */,
				49099EE0245C209C00D7DCD5 /* Info.plist */,
			);
			path = KinoTests;
			sourceTree = "<group>";
		};
		49099EEF245C4F6600D7DCD5 /* HomeScene */ = {
			isa = PBXGroup;
			children = (
				49099F24245C81EA00D7DCD5 /* Cells */,
				49099EF1245C4F9400D7DCD5 /* HomeScenePresenter.swift */,
				49099EF2245C4F9400D7DCD5 /* HomeSceneViewController.swift */,
				49099EF3245C4F9400D7DCD5 /* HomeSceneInteractor.swift */,
				49099EF4245C4F9400D7DCD5 /* HomeSceneViewModel.swift */,
			);
			path = HomeScene;
			sourceTree = "<group>";
		};
		49099EF0245C4F7200D7DCD5 /* WatchListScene */ = {
			isa = PBXGroup;
			children = (
				49099EF9245C4FA800D7DCD5 /* WatchListScenePresenter.swift */,
				49099EFA245C4FA800D7DCD5 /* WatchListSceneViewController.swift */,
				49099EFB245C4FA800D7DCD5 /* WatchListSceneInteractor.swift */,
				49099EFC245C4FA800D7DCD5 /* WatchListSceneViewModel.swift */,
			);
			path = WatchListScene;
			sourceTree = "<group>";
		};
		49099F01245C4FC400D7DCD5 /* Resources */ = {
			isa = PBXGroup;
			children = (
				49647884245CD39C0013C0B6 /* skeleton-loading.json */,
				49099ED2245C209C00D7DCD5 /* LaunchScreen.storyboard */,
				49099ECD245C209900D7DCD5 /* Kino.xcdatamodeld */,
				49099ED0245C209C00D7DCD5 /* Assets.xcassets */,
			);
			path = Resources;
			sourceTree = "<group>";
		};
		49099F02245C51B900D7DCD5 /* HomeScene */ = {
			isa = PBXGroup;
			children = (
				49099F03245C51CF00D7DCD5 /* HomeSceneInteractorTests.swift */,
				49099F04245C51CF00D7DCD5 /* HomeSceneViewControllerSpy.swift */,
				49099F05245C51CF00D7DCD5 /* HomeScenePresenterSpy.swift */,
				49099F06245C51CF00D7DCD5 /* HomeScenePresenterTests.swift */,
			);
			path = HomeScene;
			sourceTree = "<group>";
		};
		49099F0B245C51E300D7DCD5 /* WatchListScene */ = {
			isa = PBXGroup;
			children = (
				49099F0C245C520D00D7DCD5 /* WatchListSceneInteractorTests.swift */,
				49099F0D245C520D00D7DCD5 /* WatchListSceneViewControllerSpy.swift */,
				49099F0E245C520D00D7DCD5 /* WatchListScenePresenterSpy.swift */,
				49099F0F245C520D00D7DCD5 /* WatchListScenePresenterTests.swift */,
			);
			path = WatchListScene;
			sourceTree = "<group>";
		};
		49099F14245C54F600D7DCD5 /* Networking */ = {
			isa = PBXGroup;
			children = (
				49099F15245C556F00D7DCD5 /* KinoAPI.swift */,
			);
			path = Networking;
			sourceTree = "<group>";
		};
		49099F19245C55B100D7DCD5 /* Manager */ = {
			isa = PBXGroup;
			children = (
				49099F17245C55AB00D7DCD5 /* Manager.swift */,
			);
			path = Manager;
			sourceTree = "<group>";
		};
		49099F1A245C58A500D7DCD5 /* Extensions */ = {
			isa = PBXGroup;
			children = (
				49099F1B245C58B500D7DCD5 /* URLSessionExtension.swift */,
				49647882245CD32F0013C0B6 /* CustomImageView.swift */,
				49B541EC245DB0880038F616 /* MovieExtension.swift */,
				49B541EE245DBB170038F616 /* UICollectionViewExtensions.swift */,
			);
			path = Extensions;
			sourceTree = "<group>";
		};
		49099F1D245C5C1D00D7DCD5 /* Model */ = {
			isa = PBXGroup;
			children = (
				49099F20245C63C600D7DCD5 /* MoviesInfo.swift */,
			);
			path = Model;
			sourceTree = "<group>";
		};
		49099F24245C81EA00D7DCD5 /* Cells */ = {
			isa = PBXGroup;
			children = (
				49099F25245C81F500D7DCD5 /* MovieCell.swift */,
				49B541F0245DC0D30038F616 /* MovieCell.xib */,
				49B541F2245DC2890038F616 /* SectionHeaderReusableView.swift */,
				49B541F4245DC2AE0038F616 /* SectionHeaderReusableView.xib */,
			);
			path = Cells;
			sourceTree = "<group>";
		};
		C3F816513F71B7FD354D0DB1 /* Pods */ = {
			isa = PBXGroup;
			children = (
				AD76363C1B90C3853C539B70 /* Pods-Kino.debug.xcconfig */,
				A60A70B706C25393C7595C72 /* Pods-Kino.release.xcconfig */,
				7EA2CB0BE102C3B247A27A6C /* Pods-KinoTests.debug.xcconfig */,
				A2E3D5F7F0BD547794965B0E /* Pods-KinoTests.release.xcconfig */,
			);
			path = Pods;
			sourceTree = "<group>";
		};
		DC381F60AC96FC73A893E177 /* Frameworks */ = {
			isa = PBXGroup;
			children = (
				9578DC45C2A0D08D0864F90D /* Pods_Kino.framework */,
				3AF53134D766DD6D5417BF61 /* Pods_KinoTests.framework */,
			);
			name = Frameworks;
			sourceTree = "<group>";
		};
/* End PBXGroup section */

/* Begin PBXNativeTarget section */
		49099EC0245C209900D7DCD5 /* Kino */ = {
			isa = PBXNativeTarget;
			buildConfigurationList = 49099EE3245C209C00D7DCD5 /* Build configuration list for PBXNativeTarget "Kino" */;
			buildPhases = (
				9F28CC948F7D8F8733B95B20 /* [CP] Check Pods Manifest.lock */,
				49099EBD245C209900D7DCD5 /* Sources */,
				49099EBE245C209900D7DCD5 /* Frameworks */,
				49099EBF245C209900D7DCD5 /* Resources */,
				49099EEC245C29CF00D7DCD5 /* ShellScript */,
			);
			buildRules = (
			);
			dependencies = (
			);
			name = Kino;
			packageProductDependencies = (
				49B541EA245D6F090038F616 /* Lottie */,
			);
			productName = Kino;
			productReference = 49099EC1245C209900D7DCD5 /* Kino.app */;
			productType = "com.apple.product-type.application";
		};
		49099ED9245C209C00D7DCD5 /* KinoTests */ = {
			isa = PBXNativeTarget;
			buildConfigurationList = 49099EE6245C209C00D7DCD5 /* Build configuration list for PBXNativeTarget "KinoTests" */;
			buildPhases = (
				2684DB88BBEFD11274E87A1F /* [CP] Check Pods Manifest.lock */,
				49099ED6245C209C00D7DCD5 /* Sources */,
				49099ED7245C209C00D7DCD5 /* Frameworks */,
				49099ED8245C209C00D7DCD5 /* Resources */,
			);
			buildRules = (
			);
			dependencies = (
				49099EDC245C209C00D7DCD5 /* PBXTargetDependency */,
			);
			name = KinoTests;
			productName = KinoTests;
			productReference = 49099EDA245C209C00D7DCD5 /* KinoTests.xctest */;
			productType = "com.apple.product-type.bundle.unit-test";
		};
/* End PBXNativeTarget section */

/* Begin PBXProject section */
		49099EB9245C209900D7DCD5 /* Project object */ = {
			isa = PBXProject;
			attributes = {
				LastSwiftUpdateCheck = 1140;
				LastUpgradeCheck = 1140;
				ORGANIZATIONNAME = Matti;
				TargetAttributes = {
					49099EC0245C209900D7DCD5 = {
						CreatedOnToolsVersion = 11.4.1;
					};
					49099ED9245C209C00D7DCD5 = {
						CreatedOnToolsVersion = 11.4.1;
						TestTargetID = 49099EC0245C209900D7DCD5;
					};
				};
			};
			buildConfigurationList = 49099EBC245C209900D7DCD5 /* Build configuration list for PBXProject "Kino" */;
			compatibilityVersion = "Xcode 9.3";
			developmentRegion = en;
			hasScannedForEncodings = 0;
			knownRegions = (
				en,
				Base,
			);
			mainGroup = 49099EB8245C209900D7DCD5;
			packageReferences = (
				49B541E9245D6F090038F616 /* XCRemoteSwiftPackageReference "lottie-ios" */,
			);
			productRefGroup = 49099EC2245C209900D7DCD5 /* Products */;
			projectDirPath = "";
			projectRoot = "";
			targets = (
				49099EC0245C209900D7DCD5 /* Kino */,
				49099ED9245C209C00D7DCD5 /* KinoTests */,
			);
		};
/* End PBXProject section */

/* Begin PBXResourcesBuildPhase section */
		49099EBF245C209900D7DCD5 /* Resources */ = {
			isa = PBXResourcesBuildPhase;
			buildActionMask = 2147483647;
			files = (
				49099ED4245C209C00D7DCD5 /* LaunchScreen.storyboard in Resources */,
				49647885245CD39C0013C0B6 /* skeleton-loading.json in Resources */,
				49B541F5245DC2AE0038F616 /* SectionHeaderReusableView.xib in Resources */,
				49099ED1245C209C00D7DCD5 /* Assets.xcassets in Resources */,
				49099ECC245C209900D7DCD5 /* Main.storyboard in Resources */,
				49B541F1245DC0D30038F616 /* MovieCell.xib in Resources */,
			);
			runOnlyForDeploymentPostprocessing = 0;
		};
		49099ED8245C209C00D7DCD5 /* Resources */ = {
			isa = PBXResourcesBuildPhase;
			buildActionMask = 2147483647;
			files = (
			);
			runOnlyForDeploymentPostprocessing = 0;
		};
/* End PBXResourcesBuildPhase section */

/* Begin PBXShellScriptBuildPhase section */
		2684DB88BBEFD11274E87A1F /* [CP] Check Pods Manifest.lock */ = {
			isa = PBXShellScriptBuildPhase;
			buildActionMask = 2147483647;
			files = (
			);
			inputFileListPaths = (
			);
			inputPaths = (
				"${PODS_PODFILE_DIR_PATH}/Podfile.lock",
				"${PODS_ROOT}/Manifest.lock",
			);
			name = "[CP] Check Pods Manifest.lock";
			outputFileListPaths = (
			);
			outputPaths = (
				"$(DERIVED_FILE_DIR)/Pods-KinoTests-checkManifestLockResult.txt",
			);
			runOnlyForDeploymentPostprocessing = 0;
			shellPath = /bin/sh;
			shellScript = "diff \"${PODS_PODFILE_DIR_PATH}/Podfile.lock\" \"${PODS_ROOT}/Manifest.lock\" > /dev/null\nif [ $? != 0 ] ; then\n    # print error to STDERR\n    echo \"error: The sandbox is not in sync with the Podfile.lock. Run 'pod install' or update your CocoaPods installation.\" >&2\n    exit 1\nfi\n# This output is used by Xcode 'outputs' to avoid re-running this script phase.\necho \"SUCCESS\" > \"${SCRIPT_OUTPUT_FILE_0}\"\n";
			showEnvVarsInLog = 0;
		};
		49099EEC245C29CF00D7DCD5 /* ShellScript */ = {
			isa = PBXShellScriptBuildPhase;
			buildActionMask = 2147483647;
			files = (
			);
			inputFileListPaths = (
			);
			inputPaths = (
			);
			outputFileListPaths = (
			);
			outputPaths = (
			);
			runOnlyForDeploymentPostprocessing = 0;
			shellPath = /bin/sh;
			shellScript = "if which swiftlint >/dev/null; then\n  swiftlint\nelse\n  echo \"warning: SwiftLint not installed, download from https://github.com/realm/SwiftLint\"\nfi\n";
		};
		9F28CC948F7D8F8733B95B20 /* [CP] Check Pods Manifest.lock */ = {
			isa = PBXShellScriptBuildPhase;
			buildActionMask = 2147483647;
			files = (
			);
			inputFileListPaths = (
			);
			inputPaths = (
				"${PODS_PODFILE_DIR_PATH}/Podfile.lock",
				"${PODS_ROOT}/Manifest.lock",
			);
			name = "[CP] Check Pods Manifest.lock";
			outputFileListPaths = (
			);
			outputPaths = (
				"$(DERIVED_FILE_DIR)/Pods-Kino-checkManifestLockResult.txt",
			);
			runOnlyForDeploymentPostprocessing = 0;
			shellPath = /bin/sh;
			shellScript = "diff \"${PODS_PODFILE_DIR_PATH}/Podfile.lock\" \"${PODS_ROOT}/Manifest.lock\" > /dev/null\nif [ $? != 0 ] ; then\n    # print error to STDERR\n    echo \"error: The sandbox is not in sync with the Podfile.lock. Run 'pod install' or update your CocoaPods installation.\" >&2\n    exit 1\nfi\n# This output is used by Xcode 'outputs' to avoid re-running this script phase.\necho \"SUCCESS\" > \"${SCRIPT_OUTPUT_FILE_0}\"\n";
			showEnvVarsInLog = 0;
		};
/* End PBXShellScriptBuildPhase section */

/* Begin PBXSourcesBuildPhase section */
		49099EBD245C209900D7DCD5 /* Sources */ = {
			isa = PBXSourcesBuildPhase;
			buildActionMask = 2147483647;
			files = (
				49B541ED245DB0880038F616 /* MovieExtension.swift in Sources */,
				49099EF7245C4F9400D7DCD5 /* HomeSceneInteractor.swift in Sources */,
				49099F00245C4FA800D7DCD5 /* WatchListSceneViewModel.swift in Sources */,
				49099EF6245C4F9400D7DCD5 /* HomeSceneViewController.swift in Sources */,
				49099EF5245C4F9400D7DCD5 /* HomeScenePresenter.swift in Sources */,
				49099EEE245C4F0300D7DCD5 /* KinoTabbarViewController.swift in Sources */,
				49B541F3245DC2890038F616 /* SectionHeaderReusableView.swift in Sources */,
				49099EC5245C209900D7DCD5 /* AppDelegate.swift in Sources */,
				49099EFF245C4FA800D7DCD5 /* WatchListSceneInteractor.swift in Sources */,
				49099F18245C55AB00D7DCD5 /* Manager.swift in Sources */,
				49099F1C245C58B500D7DCD5 /* URLSessionExtension.swift in Sources */,
				49099F16245C556F00D7DCD5 /* KinoAPI.swift in Sources */,
				49099F26245C81F500D7DCD5 /* MovieCell.swift in Sources */,
				49099F21245C63C600D7DCD5 /* MoviesInfo.swift in Sources */,
				49099EFD245C4FA800D7DCD5 /* WatchListScenePresenter.swift in Sources */,
				49099EFE245C4FA800D7DCD5 /* WatchListSceneViewController.swift in Sources */,
				49B541EF245DBB170038F616 /* UICollectionViewExtensions.swift in Sources */,
				49099EF8245C4F9400D7DCD5 /* HomeSceneViewModel.swift in Sources */,
				49647883245CD32F0013C0B6 /* CustomImageView.swift in Sources */,
				49099ECF245C209900D7DCD5 /* Kino.xcdatamodeld in Sources */,
			);
			runOnlyForDeploymentPostprocessing = 0;
		};
		49099ED6245C209C00D7DCD5 /* Sources */ = {
			isa = PBXSourcesBuildPhase;
			buildActionMask = 2147483647;
			files = (
				49099F12245C520D00D7DCD5 /* WatchListScenePresenterSpy.swift in Sources */,
				49099F07245C51CF00D7DCD5 /* HomeSceneInteractorTests.swift in Sources */,
				49099F0A245C51CF00D7DCD5 /* HomeScenePresenterTests.swift in Sources */,
				49099F13245C520D00D7DCD5 /* WatchListScenePresenterTests.swift in Sources */,
				49099F09245C51CF00D7DCD5 /* HomeScenePresenterSpy.swift in Sources */,
				49099F10245C520D00D7DCD5 /* WatchListSceneInteractorTests.swift in Sources */,
				49099F08245C51CF00D7DCD5 /* HomeSceneViewControllerSpy.swift in Sources */,
				49099F11245C520D00D7DCD5 /* WatchListSceneViewControllerSpy.swift in Sources */,
				49099EDF245C209C00D7DCD5 /* KinoTests.swift in Sources */,
			);
			runOnlyForDeploymentPostprocessing = 0;
		};
/* End PBXSourcesBuildPhase section */

/* Begin PBXTargetDependency section */
		49099EDC245C209C00D7DCD5 /* PBXTargetDependency */ = {
			isa = PBXTargetDependency;
			target = 49099EC0245C209900D7DCD5 /* Kino */;
			targetProxy = 49099EDB245C209C00D7DCD5 /* PBXContainerItemProxy */;
		};
/* End PBXTargetDependency section */

/* Begin PBXVariantGroup section */
		49099ECA245C209900D7DCD5 /* Main.storyboard */ = {
			isa = PBXVariantGroup;
			children = (
				49099ECB245C209900D7DCD5 /* Base */,
			);
			name = Main.storyboard;
			sourceTree = "<group>";
		};
		49099ED2245C209C00D7DCD5 /* LaunchScreen.storyboard */ = {
			isa = PBXVariantGroup;
			children = (
				49099ED3245C209C00D7DCD5 /* Base */,
			);
			name = LaunchScreen.storyboard;
			sourceTree = "<group>";
		};
/* End PBXVariantGroup section */

/* Begin XCBuildConfiguration section */
		49099EE1245C209C00D7DCD5 /* Debug */ = {
			isa = XCBuildConfiguration;
			buildSettings = {
				ALWAYS_SEARCH_USER_PATHS = NO;
				CLANG_ANALYZER_NONNULL = YES;
				CLANG_ANALYZER_NUMBER_OBJECT_CONVERSION = YES_AGGRESSIVE;
				CLANG_CXX_LANGUAGE_STANDARD = "gnu++14";
				CLANG_CXX_LIBRARY = "libc++";
				CLANG_ENABLE_MODULES = YES;
				CLANG_ENABLE_OBJC_ARC = YES;
				CLANG_ENABLE_OBJC_WEAK = YES;
				CLANG_WARN_BLOCK_CAPTURE_AUTORELEASING = YES;
				CLANG_WARN_BOOL_CONVERSION = YES;
				CLANG_WARN_COMMA = YES;
				CLANG_WARN_CONSTANT_CONVERSION = YES;
				CLANG_WARN_DEPRECATED_OBJC_IMPLEMENTATIONS = YES;
				CLANG_WARN_DIRECT_OBJC_ISA_USAGE = YES_ERROR;
				CLANG_WARN_DOCUMENTATION_COMMENTS = YES;
				CLANG_WARN_EMPTY_BODY = YES;
				CLANG_WARN_ENUM_CONVERSION = YES;
				CLANG_WARN_INFINITE_RECURSION = YES;
				CLANG_WARN_INT_CONVERSION = YES;
				CLANG_WARN_NON_LITERAL_NULL_CONVERSION = YES;
				CLANG_WARN_OBJC_IMPLICIT_RETAIN_SELF = YES;
				CLANG_WARN_OBJC_LITERAL_CONVERSION = YES;
				CLANG_WARN_OBJC_ROOT_CLASS = YES_ERROR;
				CLANG_WARN_RANGE_LOOP_ANALYSIS = YES;
				CLANG_WARN_STRICT_PROTOTYPES = YES;
				CLANG_WARN_SUSPICIOUS_MOVE = YES;
				CLANG_WARN_UNGUARDED_AVAILABILITY = YES_AGGRESSIVE;
				CLANG_WARN_UNREACHABLE_CODE = YES;
				CLANG_WARN__DUPLICATE_METHOD_MATCH = YES;
				COPY_PHASE_STRIP = NO;
				DEBUG_INFORMATION_FORMAT = dwarf;
				ENABLE_STRICT_OBJC_MSGSEND = YES;
				ENABLE_TESTABILITY = YES;
				GCC_C_LANGUAGE_STANDARD = gnu11;
				GCC_DYNAMIC_NO_PIC = NO;
				GCC_NO_COMMON_BLOCKS = YES;
				GCC_OPTIMIZATION_LEVEL = 0;
				GCC_PREPROCESSOR_DEFINITIONS = (
					"DEBUG=1",
					"$(inherited)",
				);
				GCC_WARN_64_TO_32_BIT_CONVERSION = YES;
				GCC_WARN_ABOUT_RETURN_TYPE = YES_ERROR;
				GCC_WARN_UNDECLARED_SELECTOR = YES;
				GCC_WARN_UNINITIALIZED_AUTOS = YES_AGGRESSIVE;
				GCC_WARN_UNUSED_FUNCTION = YES;
				GCC_WARN_UNUSED_VARIABLE = YES;
				IPHONEOS_DEPLOYMENT_TARGET = 13.4;
				MTL_ENABLE_DEBUG_INFO = INCLUDE_SOURCE;
				MTL_FAST_MATH = YES;
				ONLY_ACTIVE_ARCH = YES;
				SDKROOT = iphoneos;
				SWIFT_ACTIVE_COMPILATION_CONDITIONS = DEBUG;
				SWIFT_OPTIMIZATION_LEVEL = "-Onone";
			};
			name = Debug;
		};
		49099EE2245C209C00D7DCD5 /* Release */ = {
			isa = XCBuildConfiguration;
			buildSettings = {
				ALWAYS_SEARCH_USER_PATHS = NO;
				CLANG_ANALYZER_NONNULL = YES;
				CLANG_ANALYZER_NUMBER_OBJECT_CONVERSION = YES_AGGRESSIVE;
				CLANG_CXX_LANGUAGE_STANDARD = "gnu++14";
				CLANG_CXX_LIBRARY = "libc++";
				CLANG_ENABLE_MODULES = YES;
				CLANG_ENABLE_OBJC_ARC = YES;
				CLANG_ENABLE_OBJC_WEAK = YES;
				CLANG_WARN_BLOCK_CAPTURE_AUTORELEASING = YES;
				CLANG_WARN_BOOL_CONVERSION = YES;
				CLANG_WARN_COMMA = YES;
				CLANG_WARN_CONSTANT_CONVERSION = YES;
				CLANG_WARN_DEPRECATED_OBJC_IMPLEMENTATIONS = YES;
				CLANG_WARN_DIRECT_OBJC_ISA_USAGE = YES_ERROR;
				CLANG_WARN_DOCUMENTATION_COMMENTS = YES;
				CLANG_WARN_EMPTY_BODY = YES;
				CLANG_WARN_ENUM_CONVERSION = YES;
				CLANG_WARN_INFINITE_RECURSION = YES;
				CLANG_WARN_INT_CONVERSION = YES;
				CLANG_WARN_NON_LITERAL_NULL_CONVERSION = YES;
				CLANG_WARN_OBJC_IMPLICIT_RETAIN_SELF = YES;
				CLANG_WARN_OBJC_LITERAL_CONVERSION = YES;
				CLANG_WARN_OBJC_ROOT_CLASS = YES_ERROR;
				CLANG_WARN_RANGE_LOOP_ANALYSIS = YES;
				CLANG_WARN_STRICT_PROTOTYPES = YES;
				CLANG_WARN_SUSPICIOUS_MOVE = YES;
				CLANG_WARN_UNGUARDED_AVAILABILITY = YES_AGGRESSIVE;
				CLANG_WARN_UNREACHABLE_CODE = YES;
				CLANG_WARN__DUPLICATE_METHOD_MATCH = YES;
				COPY_PHASE_STRIP = NO;
				DEBUG_INFORMATION_FORMAT = "dwarf-with-dsym";
				ENABLE_NS_ASSERTIONS = NO;
				ENABLE_STRICT_OBJC_MSGSEND = YES;
				GCC_C_LANGUAGE_STANDARD = gnu11;
				GCC_NO_COMMON_BLOCKS = YES;
				GCC_WARN_64_TO_32_BIT_CONVERSION = YES;
				GCC_WARN_ABOUT_RETURN_TYPE = YES_ERROR;
				GCC_WARN_UNDECLARED_SELECTOR = YES;
				GCC_WARN_UNINITIALIZED_AUTOS = YES_AGGRESSIVE;
				GCC_WARN_UNUSED_FUNCTION = YES;
				GCC_WARN_UNUSED_VARIABLE = YES;
				IPHONEOS_DEPLOYMENT_TARGET = 13.4;
				MTL_ENABLE_DEBUG_INFO = NO;
				MTL_FAST_MATH = YES;
				SDKROOT = iphoneos;
				SWIFT_COMPILATION_MODE = wholemodule;
				SWIFT_OPTIMIZATION_LEVEL = "-O";
				VALIDATE_PRODUCT = YES;
			};
			name = Release;
		};
		49099EE4245C209C00D7DCD5 /* Debug */ = {
			isa = XCBuildConfiguration;
			baseConfigurationReference = AD76363C1B90C3853C539B70 /* Pods-Kino.debug.xcconfig */;
			buildSettings = {
				ASSETCATALOG_COMPILER_APPICON_NAME = AppIcon;
				CODE_SIGN_STYLE = Automatic;
				DEVELOPMENT_TEAM = ND9HCAXN4F;
				INFOPLIST_FILE = Kino/Info.plist;
				LD_RUNPATH_SEARCH_PATHS = (
					"$(inherited)",
					"@executable_path/Frameworks",
				);
				PRODUCT_BUNDLE_IDENTIFIER = com.matt.Kino;
				PRODUCT_NAME = "$(TARGET_NAME)";
				SWIFT_VERSION = 5.0;
				TARGETED_DEVICE_FAMILY = "1,2";
			};
			name = Debug;
		};
		49099EE5245C209C00D7DCD5 /* Release */ = {
			isa = XCBuildConfiguration;
			baseConfigurationReference = A60A70B706C25393C7595C72 /* Pods-Kino.release.xcconfig */;
			buildSettings = {
				ASSETCATALOG_COMPILER_APPICON_NAME = AppIcon;
				CODE_SIGN_STYLE = Automatic;
				DEVELOPMENT_TEAM = ND9HCAXN4F;
				INFOPLIST_FILE = Kino/Info.plist;
				LD_RUNPATH_SEARCH_PATHS = (
					"$(inherited)",
					"@executable_path/Frameworks",
				);
				PRODUCT_BUNDLE_IDENTIFIER = com.matt.Kino;
				PRODUCT_NAME = "$(TARGET_NAME)";
				SWIFT_VERSION = 5.0;
				TARGETED_DEVICE_FAMILY = "1,2";
			};
			name = Release;
		};
		49099EE7245C209C00D7DCD5 /* Debug */ = {
			isa = XCBuildConfiguration;
			baseConfigurationReference = 7EA2CB0BE102C3B247A27A6C /* Pods-KinoTests.debug.xcconfig */;
			buildSettings = {
				ALWAYS_EMBED_SWIFT_STANDARD_LIBRARIES = YES;
				BUNDLE_LOADER = "$(TEST_HOST)";
				CODE_SIGN_STYLE = Automatic;
				DEVELOPMENT_TEAM = ND9HCAXN4F;
				INFOPLIST_FILE = KinoTests/Info.plist;
				IPHONEOS_DEPLOYMENT_TARGET = 13.4;
				LD_RUNPATH_SEARCH_PATHS = (
					"$(inherited)",
					"@executable_path/Frameworks",
					"@loader_path/Frameworks",
				);
				PRODUCT_BUNDLE_IDENTIFIER = com.matt.KinoTests;
				PRODUCT_NAME = "$(TARGET_NAME)";
				SWIFT_VERSION = 5.0;
				TARGETED_DEVICE_FAMILY = "1,2";
				TEST_HOST = "$(BUILT_PRODUCTS_DIR)/Kino.app/Kino";
			};
			name = Debug;
		};
		49099EE8245C209C00D7DCD5 /* Release */ = {
			isa = XCBuildConfiguration;
			baseConfigurationReference = A2E3D5F7F0BD547794965B0E /* Pods-KinoTests.release.xcconfig */;
			buildSettings = {
				ALWAYS_EMBED_SWIFT_STANDARD_LIBRARIES = YES;
				BUNDLE_LOADER = "$(TEST_HOST)";
				CODE_SIGN_STYLE = Automatic;
				DEVELOPMENT_TEAM = ND9HCAXN4F;
				INFOPLIST_FILE = KinoTests/Info.plist;
				IPHONEOS_DEPLOYMENT_TARGET = 13.4;
				LD_RUNPATH_SEARCH_PATHS = (
					"$(inherited)",
					"@executable_path/Frameworks",
					"@loader_path/Frameworks",
				);
				PRODUCT_BUNDLE_IDENTIFIER = com.matt.KinoTests;
				PRODUCT_NAME = "$(TARGET_NAME)";
				SWIFT_VERSION = 5.0;
				TARGETED_DEVICE_FAMILY = "1,2";
				TEST_HOST = "$(BUILT_PRODUCTS_DIR)/Kino.app/Kino";
			};
			name = Release;
		};
/* End XCBuildConfiguration section */

/* Begin XCConfigurationList section */
		49099EBC245C209900D7DCD5 /* Build configuration list for PBXProject "Kino" */ = {
			isa = XCConfigurationList;
			buildConfigurations = (
				49099EE1245C209C00D7DCD5 /* Debug */,
				49099EE2245C209C00D7DCD5 /* Release */,
			);
			defaultConfigurationIsVisible = 0;
			defaultConfigurationName = Release;
		};
		49099EE3245C209C00D7DCD5 /* Build configuration list for PBXNativeTarget "Kino" */ = {
			isa = XCConfigurationList;
			buildConfigurations = (
				49099EE4245C209C00D7DCD5 /* Debug */,
				49099EE5245C209C00D7DCD5 /* Release */,
			);
			defaultConfigurationIsVisible = 0;
			defaultConfigurationName = Release;
		};
		49099EE6245C209C00D7DCD5 /* Build configuration list for PBXNativeTarget "KinoTests" */ = {
			isa = XCConfigurationList;
			buildConfigurations = (
				49099EE7245C209C00D7DCD5 /* Debug */,
				49099EE8245C209C00D7DCD5 /* Release */,
			);
			defaultConfigurationIsVisible = 0;
			defaultConfigurationName = Release;
		};
/* End XCConfigurationList section */

/* Begin XCRemoteSwiftPackageReference section */
		49B541E9245D6F090038F616 /* XCRemoteSwiftPackageReference "lottie-ios" */ = {
			isa = XCRemoteSwiftPackageReference;
			repositoryURL = "https://github.com/airbnb/lottie-ios.git";
			requirement = {
				kind = upToNextMajorVersion;
				minimumVersion = 3.1.8;
			};
		};
/* End XCRemoteSwiftPackageReference section */

/* Begin XCSwiftPackageProductDependency section */
		49B541EA245D6F090038F616 /* Lottie */ = {
			isa = XCSwiftPackageProductDependency;
			package = 49B541E9245D6F090038F616 /* XCRemoteSwiftPackageReference "lottie-ios" */;
			productName = Lottie;
		};
/* End XCSwiftPackageProductDependency section */

/* Begin XCVersionGroup section */
		49099ECD245C209900D7DCD5 /* Kino.xcdatamodeld */ = {
			isa = XCVersionGroup;
			children = (
				49099ECE245C209900D7DCD5 /* Kino.xcdatamodel */,
			);
			currentVersion = 49099ECE245C209900D7DCD5 /* Kino.xcdatamodel */;
			path = Kino.xcdatamodeld;
			sourceTree = "<group>";
			versionGroupType = wrapper.xcdatamodel;
		};
/* End XCVersionGroup section */
	};
	rootObject = 49099EB9245C209900D7DCD5 /* Project object */;
}
